// !$*UTF8*$!
{
	archiveVersion = 1;
	classes = {
	};
	objectVersion = 46;
	objects = {

/* Begin PBXBuildFile section */
		3032F0E31E31B6EA0091F0BC /* JRCoreViewController.m in Sources */ = {isa = PBXBuildFile; fileRef = 3032F0E11E31B6EA0091F0BC /* JRCoreViewController.m */; };
		304288C41E08D987004BDE4A /* JRTextViewViewController.m in Sources */ = {isa = PBXBuildFile; fileRef = 304288C31E08D987004BDE4A /* JRTextViewViewController.m */; };
		304288C71E08DCA2004BDE4A /* NSAttributedString+JRExtension.m in Sources */ = {isa = PBXBuildFile; fileRef = 304288C61E08DCA2004BDE4A /* NSAttributedString+JRExtension.m */; };
		3087D4A51E1DEBB700D3CADA /* JRSimpleTextView.m in Sources */ = {isa = PBXBuildFile; fileRef = 3087D4A41E1DEBB700D3CADA /* JRSimpleTextView.m */; };
		3087D4A81E1DEC0100D3CADA /* JRColumnarLayoutView.m in Sources */ = {isa = PBXBuildFile; fileRef = 3087D4A71E1DEC0100D3CADA /* JRColumnarLayoutView.m */; };
		3087D4AB1E1DED3600D3CADA /* JRManualLineBreakingView.m in Sources */ = {isa = PBXBuildFile; fileRef = 3087D4AA1E1DED3600D3CADA /* JRManualLineBreakingView.m */; };
		3087D4AE1E1DFFE000D3CADA /* JRParagraphStyleView.m in Sources */ = {isa = PBXBuildFile; fileRef = 3087D4AD1E1DFFE000D3CADA /* JRParagraphStyleView.m */; };
		3087D4B11E1E027B00D3CADA /* JRNonrectangularRegionView.m in Sources */ = {isa = PBXBuildFile; fileRef = 3087D4B01E1E027B00D3CADA /* JRNonrectangularRegionView.m */; };
		308E87461E51AB6300600176 /* MGSwipeButton.m in Sources */ = {isa = PBXBuildFile; fileRef = 308E87421E51AB6300600176 /* MGSwipeButton.m */; };
		308E87471E51AB6300600176 /* MGSwipeTableCell.m in Sources */ = {isa = PBXBuildFile; fileRef = 308E87441E51AB6300600176 /* MGSwipeTableCell.m */; };
		30A3C6871E52B3E8002424FA /* SDImageCache.m in Sources */ = {isa = PBXBuildFile; fileRef = 30A3C6671E52B3E8002424FA /* SDImageCache.m */; };
		30A3C6881E52B3E8002424FA /* NSData+ImageContentType.m in Sources */ = {isa = PBXBuildFile; fileRef = 30A3C66A1E52B3E8002424FA /* NSData+ImageContentType.m */; };
		30A3C6891E52B3E8002424FA /* UIButton+WebCache.m in Sources */ = {isa = PBXBuildFile; fileRef = 30A3C66C1E52B3E8002424FA /* UIButton+WebCache.m */; };
		30A3C68A1E52B3E8002424FA /* UIImage+GIF.m in Sources */ = {isa = PBXBuildFile; fileRef = 30A3C66E1E52B3E8002424FA /* UIImage+GIF.m */; };
		30A3C68B1E52B3E8002424FA /* UIImage+MultiFormat.m in Sources */ = {isa = PBXBuildFile; fileRef = 30A3C6701E52B3E8002424FA /* UIImage+MultiFormat.m */; };
		30A3C68C1E52B3E8002424FA /* UIImageView+HighlightedWebCache.m in Sources */ = {isa = PBXBuildFile; fileRef = 30A3C6721E52B3E8002424FA /* UIImageView+HighlightedWebCache.m */; };
		30A3C68D1E52B3E8002424FA /* UIImageView+WebCache.m in Sources */ = {isa = PBXBuildFile; fileRef = 30A3C6741E52B3E8002424FA /* UIImageView+WebCache.m */; };
		30A3C68E1E52B3E8002424FA /* UIView+WebCacheOperation.m in Sources */ = {isa = PBXBuildFile; fileRef = 30A3C6761E52B3E8002424FA /* UIView+WebCacheOperation.m */; };
		30A3C68F1E52B3E8002424FA /* SDWebImageDownloader.m in Sources */ = {isa = PBXBuildFile; fileRef = 30A3C6791E52B3E8002424FA /* SDWebImageDownloader.m */; };
		30A3C6901E52B3E8002424FA /* SDWebImageDownloaderOperation.m in Sources */ = {isa = PBXBuildFile; fileRef = 30A3C67B1E52B3E8002424FA /* SDWebImageDownloaderOperation.m */; };
		30A3C6911E52B3E8002424FA /* SDWebImageCompat.m in Sources */ = {isa = PBXBuildFile; fileRef = 30A3C67E1E52B3E8002424FA /* SDWebImageCompat.m */; };
		30A3C6921E52B3E8002424FA /* SDWebImageDecoder.m in Sources */ = {isa = PBXBuildFile; fileRef = 30A3C6821E52B3E8002424FA /* SDWebImageDecoder.m */; };
		30A3C6931E52B3E8002424FA /* SDWebImageManager.m in Sources */ = {isa = PBXBuildFile; fileRef = 30A3C6841E52B3E8002424FA /* SDWebImageManager.m */; };
		30A3C6941E52B3E8002424FA /* SDWebImagePrefetcher.m in Sources */ = {isa = PBXBuildFile; fileRef = 30A3C6861E52B3E8002424FA /* SDWebImagePrefetcher.m */; };
		30ADD5901E4D502D001012E5 /* TTTAttributedLabel.m in Sources */ = {isa = PBXBuildFile; fileRef = 30ADD58F1E4D502D001012E5 /* TTTAttributedLabel.m */; };
		30ADD5A61E4D5053001012E5 /* NSMutableAttributedString+TY.m in Sources */ = {isa = PBXBuildFile; fileRef = 30ADD5931E4D5053001012E5 /* NSMutableAttributedString+TY.m */; };
		30ADD5A71E4D5053001012E5 /* TYAttributedLabel.m in Sources */ = {isa = PBXBuildFile; fileRef = 30ADD5951E4D5053001012E5 /* TYAttributedLabel.m */; };
		30ADD5A81E4D5053001012E5 /* TYDrawStorage.m in Sources */ = {isa = PBXBuildFile; fileRef = 30ADD5971E4D5053001012E5 /* TYDrawStorage.m */; };
		30ADD5A91E4D5053001012E5 /* TYImageCache.m in Sources */ = {isa = PBXBuildFile; fileRef = 30ADD5991E4D5053001012E5 /* TYImageCache.m */; };
		30ADD5AA1E4D5053001012E5 /* TYImageStorage.m in Sources */ = {isa = PBXBuildFile; fileRef = 30ADD59B1E4D5053001012E5 /* TYImageStorage.m */; };
		30ADD5AB1E4D5053001012E5 /* TYLinkTextStorage.m in Sources */ = {isa = PBXBuildFile; fileRef = 30ADD59D1E4D5053001012E5 /* TYLinkTextStorage.m */; };
		30ADD5AC1E4D5053001012E5 /* TYTextContainer+Extended.m in Sources */ = {isa = PBXBuildFile; fileRef = 30ADD59E1E4D5053001012E5 /* TYTextContainer+Extended.m */; };
		30ADD5AD1E4D5053001012E5 /* TYTextContainer.m in Sources */ = {isa = PBXBuildFile; fileRef = 30ADD5A01E4D5053001012E5 /* TYTextContainer.m */; };
		30ADD5AE1E4D5053001012E5 /* TYTextStorage.m in Sources */ = {isa = PBXBuildFile; fileRef = 30ADD5A21E4D5053001012E5 /* TYTextStorage.m */; };
		30ADD5AF1E4D5053001012E5 /* TYViewStorage.m in Sources */ = {isa = PBXBuildFile; fileRef = 30ADD5A51E4D5053001012E5 /* TYViewStorage.m */; };
		30ADD5E51E4D505F001012E5 /* YYTextContainerView.m in Sources */ = {isa = PBXBuildFile; fileRef = 30ADD5B31E4D505F001012E5 /* YYTextContainerView.m */; };
		30ADD5E61E4D505F001012E5 /* YYTextDebugOption.m in Sources */ = {isa = PBXBuildFile; fileRef = 30ADD5B51E4D505F001012E5 /* YYTextDebugOption.m */; };
		30ADD5E71E4D505F001012E5 /* YYTextEffectWindow.m in Sources */ = {isa = PBXBuildFile; fileRef = 30ADD5B71E4D505F001012E5 /* YYTextEffectWindow.m */; };
		30ADD5E81E4D505F001012E5 /* YYTextInput.m in Sources */ = {isa = PBXBuildFile; fileRef = 30ADD5B91E4D505F001012E5 /* YYTextInput.m */; };
		30ADD5E91E4D505F001012E5 /* YYTextKeyboardManager.m in Sources */ = {isa = PBXBuildFile; fileRef = 30ADD5BB1E4D505F001012E5 /* YYTextKeyboardManager.m */; };
		30ADD5EA1E4D505F001012E5 /* YYTextLayout.m in Sources */ = {isa = PBXBuildFile; fileRef = 30ADD5BD1E4D505F001012E5 /* YYTextLayout.m */; };
		30ADD5EB1E4D505F001012E5 /* YYTextLine.m in Sources */ = {isa = PBXBuildFile; fileRef = 30ADD5BF1E4D505F001012E5 /* YYTextLine.m */; };
		30ADD5EC1E4D505F001012E5 /* YYTextMagnifier.m in Sources */ = {isa = PBXBuildFile; fileRef = 30ADD5C11E4D505F001012E5 /* YYTextMagnifier.m */; };
		30ADD5ED1E4D505F001012E5 /* YYTextSelectionView.m in Sources */ = {isa = PBXBuildFile; fileRef = 30ADD5C31E4D505F001012E5 /* YYTextSelectionView.m */; };
		30ADD5EE1E4D5060001012E5 /* YYTextArchiver.m in Sources */ = {isa = PBXBuildFile; fileRef = 30ADD5C61E4D505F001012E5 /* YYTextArchiver.m */; };
		30ADD5EF1E4D5060001012E5 /* YYTextAttribute.m in Sources */ = {isa = PBXBuildFile; fileRef = 30ADD5C81E4D505F001012E5 /* YYTextAttribute.m */; };
		30ADD5F01E4D5060001012E5 /* YYTextParser.m in Sources */ = {isa = PBXBuildFile; fileRef = 30ADD5CA1E4D505F001012E5 /* YYTextParser.m */; };
		30ADD5F11E4D5060001012E5 /* YYTextRubyAnnotation.m in Sources */ = {isa = PBXBuildFile; fileRef = 30ADD5CC1E4D505F001012E5 /* YYTextRubyAnnotation.m */; };
		30ADD5F21E4D5060001012E5 /* YYTextRunDelegate.m in Sources */ = {isa = PBXBuildFile; fileRef = 30ADD5CE1E4D505F001012E5 /* YYTextRunDelegate.m */; };
		30ADD5F31E4D5060001012E5 /* NSAttributedString+YYText.m in Sources */ = {isa = PBXBuildFile; fileRef = 30ADD5D11E4D505F001012E5 /* NSAttributedString+YYText.m */; };
		30ADD5F41E4D5060001012E5 /* NSParagraphStyle+YYText.m in Sources */ = {isa = PBXBuildFile; fileRef = 30ADD5D31E4D505F001012E5 /* NSParagraphStyle+YYText.m */; };
		30ADD5F51E4D5060001012E5 /* UIPasteboard+YYText.m in Sources */ = {isa = PBXBuildFile; fileRef = 30ADD5D51E4D505F001012E5 /* UIPasteboard+YYText.m */; };
		30ADD5F61E4D5060001012E5 /* UIView+YYText.m in Sources */ = {isa = PBXBuildFile; fileRef = 30ADD5D71E4D505F001012E5 /* UIView+YYText.m */; };
		30ADD5F71E4D5060001012E5 /* YYTextAsyncLayer.m in Sources */ = {isa = PBXBuildFile; fileRef = 30ADD5D91E4D505F001012E5 /* YYTextAsyncLayer.m */; };
		30ADD5F81E4D5060001012E5 /* YYTextTransaction.m in Sources */ = {isa = PBXBuildFile; fileRef = 30ADD5DB1E4D505F001012E5 /* YYTextTransaction.m */; };
		30ADD5F91E4D5060001012E5 /* YYTextUtilities.m in Sources */ = {isa = PBXBuildFile; fileRef = 30ADD5DD1E4D505F001012E5 /* YYTextUtilities.m */; };
		30ADD5FA1E4D5060001012E5 /* YYTextWeakProxy.m in Sources */ = {isa = PBXBuildFile; fileRef = 30ADD5DF1E4D505F001012E5 /* YYTextWeakProxy.m */; };
		30ADD5FB1E4D5060001012E5 /* YYLabel.m in Sources */ = {isa = PBXBuildFile; fileRef = 30ADD5E11E4D505F001012E5 /* YYLabel.m */; };
		30ADD5FC1E4D5060001012E5 /* YYTextView.m in Sources */ = {isa = PBXBuildFile; fileRef = 30ADD5E41E4D505F001012E5 /* YYTextView.m */; };
		30FE49F61E15033700ED9F47 /* UIView+YYAdd.m in Sources */ = {isa = PBXBuildFile; fileRef = 30FE49F51E15033700ED9F47 /* UIView+YYAdd.m */; };
		A38A5692A08EBBB8274388A8 /* libPods-AttributeText-Demo.a in Frameworks */ = {isa = PBXBuildFile; fileRef = 75A7D122A4ED564AF4A93467 /* libPods-AttributeText-Demo.a */; };
		C400712F1D901ED100220BB9 /* TextViewController.m in Sources */ = {isa = PBXBuildFile; fileRef = C400712E1D901ED100220BB9 /* TextViewController.m */; };
		C40448AF1D82654D0039A815 /* JRBaseViewController.m in Sources */ = {isa = PBXBuildFile; fileRef = C40448AE1D82654D0039A815 /* JRBaseViewController.m */; };
		C40448B21D82655A0039A815 /* MainViewController.m in Sources */ = {isa = PBXBuildFile; fileRef = C40448B11D82655A0039A815 /* MainViewController.m */; };
		C4064EF81D940EE100B197A7 /* JRThreadModel.m in Sources */ = {isa = PBXBuildFile; fileRef = C4064EF71D940EE100B197A7 /* JRThreadModel.m */; };
		C40D94781D7FAE0900E512ED /* main.m in Sources */ = {isa = PBXBuildFile; fileRef = C40D94771D7FAE0900E512ED /* main.m */; };
		C40D947B1D7FAE0900E512ED /* AppDelegate.m in Sources */ = {isa = PBXBuildFile; fileRef = C40D947A1D7FAE0900E512ED /* AppDelegate.m */; };
		C40D94811D7FAE0900E512ED /* Main.storyboard in Resources */ = {isa = PBXBuildFile; fileRef = C40D947F1D7FAE0900E512ED /* Main.storyboard */; };
		C40D94831D7FAE0900E512ED /* Assets.xcassets in Resources */ = {isa = PBXBuildFile; fileRef = C40D94821D7FAE0900E512ED /* Assets.xcassets */; };
		C40D94861D7FAE0900E512ED /* LaunchScreen.storyboard in Resources */ = {isa = PBXBuildFile; fileRef = C40D94841D7FAE0900E512ED /* LaunchScreen.storyboard */; };
		C41D53B31E0D6E1100DEDFF9 /* JRCoreImageController.m in Sources */ = {isa = PBXBuildFile; fileRef = C41D53B21E0D6E1100DEDFF9 /* JRCoreImageController.m */; };
		C41D53B51E0D768600DEDFF9 /* apple.jpg in Resources */ = {isa = PBXBuildFile; fileRef = C41D53B41E0D768600DEDFF9 /* apple.jpg */; };
		C42600151E115CB80022C4D5 /* JRCoreTextController.m in Sources */ = {isa = PBXBuildFile; fileRef = C42600141E115CB80022C4D5 /* JRCoreTextController.m */; };
		C42600181E115EBA0022C4D5 /* JRCoreTextView.m in Sources */ = {isa = PBXBuildFile; fileRef = C42600171E115EBA0022C4D5 /* JRCoreTextView.m */; };
		C426001C1E1175790022C4D5 /* JRParagraphView.m in Sources */ = {isa = PBXBuildFile; fileRef = C426001B1E1175790022C4D5 /* JRParagraphView.m */; };
		C429A58C1D8167BA00A430A6 /* data0.json in Resources */ = {isa = PBXBuildFile; fileRef = C429A5771D8167BA00A430A6 /* data0.json */; };
		C429A58D1D8167BA00A430A6 /* data1.json in Resources */ = {isa = PBXBuildFile; fileRef = C429A5781D8167BA00A430A6 /* data1.json */; };
		C429A58E1D8167BA00A430A6 /* data10.json in Resources */ = {isa = PBXBuildFile; fileRef = C429A5791D8167BA00A430A6 /* data10.json */; };
		C429A58F1D8167BA00A430A6 /* data11.json in Resources */ = {isa = PBXBuildFile; fileRef = C429A57A1D8167BA00A430A6 /* data11.json */; };
		C429A5901D8167BA00A430A6 /* data12.json in Resources */ = {isa = PBXBuildFile; fileRef = C429A57B1D8167BA00A430A6 /* data12.json */; };
		C429A5911D8167BA00A430A6 /* data13.json in Resources */ = {isa = PBXBuildFile; fileRef = C429A57C1D8167BA00A430A6 /* data13.json */; };
		C429A5921D8167BA00A430A6 /* data14.json in Resources */ = {isa = PBXBuildFile; fileRef = C429A57D1D8167BA00A430A6 /* data14.json */; };
		C429A5931D8167BA00A430A6 /* data15.json in Resources */ = {isa = PBXBuildFile; fileRef = C429A57E1D8167BA00A430A6 /* data15.json */; };
		C429A5941D8167BA00A430A6 /* data16.json in Resources */ = {isa = PBXBuildFile; fileRef = C429A57F1D8167BA00A430A6 /* data16.json */; };
		C429A5951D8167BA00A430A6 /* data17.json in Resources */ = {isa = PBXBuildFile; fileRef = C429A5801D8167BA00A430A6 /* data17.json */; };
		C429A5961D8167BA00A430A6 /* data18.json in Resources */ = {isa = PBXBuildFile; fileRef = C429A5811D8167BA00A430A6 /* data18.json */; };
		C429A5971D8167BA00A430A6 /* data19.json in Resources */ = {isa = PBXBuildFile; fileRef = C429A5821D8167BA00A430A6 /* data19.json */; };
		C429A5981D8167BA00A430A6 /* data2.json in Resources */ = {isa = PBXBuildFile; fileRef = C429A5831D8167BA00A430A6 /* data2.json */; };
		C429A5991D8167BA00A430A6 /* data20.json in Resources */ = {isa = PBXBuildFile; fileRef = C429A5841D8167BA00A430A6 /* data20.json */; };
		C429A59A1D8167BA00A430A6 /* data3.json in Resources */ = {isa = PBXBuildFile; fileRef = C429A5851D8167BA00A430A6 /* data3.json */; };
		C429A59B1D8167BA00A430A6 /* data4.json in Resources */ = {isa = PBXBuildFile; fileRef = C429A5861D8167BA00A430A6 /* data4.json */; };
		C429A59C1D8167BA00A430A6 /* data5.json in Resources */ = {isa = PBXBuildFile; fileRef = C429A5871D8167BA00A430A6 /* data5.json */; };
		C429A59D1D8167BA00A430A6 /* data6.json in Resources */ = {isa = PBXBuildFile; fileRef = C429A5881D8167BA00A430A6 /* data6.json */; };
		C429A59E1D8167BA00A430A6 /* data7.json in Resources */ = {isa = PBXBuildFile; fileRef = C429A5891D8167BA00A430A6 /* data7.json */; };
		C429A59F1D8167BA00A430A6 /* data8.json in Resources */ = {isa = PBXBuildFile; fileRef = C429A58A1D8167BA00A430A6 /* data8.json */; };
		C429A5A01D8167BA00A430A6 /* data9.json in Resources */ = {isa = PBXBuildFile; fileRef = C429A58B1D8167BA00A430A6 /* data9.json */; };
		C42A193F1E133E9500268F1C /* JRTranslateCTMView.m in Sources */ = {isa = PBXBuildFile; fileRef = C42A193E1E133E9500268F1C /* JRTranslateCTMView.m */; };
		C42E98971E16A99E004A6159 /* JRCoreFoundationController.m in Sources */ = {isa = PBXBuildFile; fileRef = C42E98961E16A99E004A6159 /* JRCoreFoundationController.m */; };
		C43EDF751E0A863A00893611 /* JRBlurViewController.m in Sources */ = {isa = PBXBuildFile; fileRef = C43EDF741E0A863A00893611 /* JRBlurViewController.m */; };
		C4478C4F1D8FC57A0099EA3C /* JRYYTextViewController.m in Sources */ = {isa = PBXBuildFile; fileRef = C4478C4E1D8FC57A0099EA3C /* JRYYTextViewController.m */; };
		C48275141D9174F40032EE10 /* UIColor+JRExtension.m in Sources */ = {isa = PBXBuildFile; fileRef = C48275131D9174F40032EE10 /* UIColor+JRExtension.m */; };
		C48275571D9187DF0032EE10 /* JRViewController.m in Sources */ = {isa = PBXBuildFile; fileRef = C48275561D9187DF0032EE10 /* JRViewController.m */; };
		C482755A1D91947B0032EE10 /* JRButton.m in Sources */ = {isa = PBXBuildFile; fileRef = C48275591D91947B0032EE10 /* JRButton.m */; };
		C48275641D919EFC0032EE10 /* JRForumDetialController.m in Sources */ = {isa = PBXBuildFile; fileRef = C48275601D919EFC0032EE10 /* JRForumDetialController.m */; };
		C49868851D92C693009223A1 /* JRThreadDetialController.m in Sources */ = {isa = PBXBuildFile; fileRef = C49868801D92C693009223A1 /* JRThreadDetialController.m */; };
		C49868861D92C693009223A1 /* JRThreadHeader.m in Sources */ = {isa = PBXBuildFile; fileRef = C49868841D92C693009223A1 /* JRThreadHeader.m */; };
		C49868891D92D679009223A1 /* JRImageView.m in Sources */ = {isa = PBXBuildFile; fileRef = C49868881D92D679009223A1 /* JRImageView.m */; };
		C498688C1D92D69B009223A1 /* JRUserHeader.m in Sources */ = {isa = PBXBuildFile; fileRef = C498688B1D92D69B009223A1 /* JRUserHeader.m */; };
/* End PBXBuildFile section */

/* Begin PBXFileReference section */
		248AB9E1F2719219C53583A9 /* Pods-AttributeText-Demo.debug.xcconfig */ = {isa = PBXFileReference; includeInIndex = 1; lastKnownFileType = text.xcconfig; name = "Pods-AttributeText-Demo.debug.xcconfig"; path = "Pods/Target Support Files/Pods-AttributeText-Demo/Pods-AttributeText-Demo.debug.xcconfig"; sourceTree = "<group>"; };
		3032F0E01E31B6EA0091F0BC /* JRCoreViewController.h */ = {isa = PBXFileReference; fileEncoding = 4; lastKnownFileType = sourcecode.c.h; path = JRCoreViewController.h; sourceTree = "<group>"; };
		3032F0E11E31B6EA0091F0BC /* JRCoreViewController.m */ = {isa = PBXFileReference; fileEncoding = 4; lastKnownFileType = sourcecode.c.objc; path = JRCoreViewController.m; sourceTree = "<group>"; };
		3032F0E41E31BFB90091F0BC /* jr_CTFontManager.h */ = {isa = PBXFileReference; lastKnownFileType = sourcecode.c.h; path = jr_CTFontManager.h; sourceTree = "<group>"; };
		304288C21E08D987004BDE4A /* JRTextViewViewController.h */ = {isa = PBXFileReference; fileEncoding = 4; lastKnownFileType = sourcecode.c.h; path = JRTextViewViewController.h; sourceTree = "<group>"; };
		304288C31E08D987004BDE4A /* JRTextViewViewController.m */ = {isa = PBXFileReference; fileEncoding = 4; lastKnownFileType = sourcecode.c.objc; path = JRTextViewViewController.m; sourceTree = "<group>"; };
		304288C51E08DCA2004BDE4A /* NSAttributedString+JRExtension.h */ = {isa = PBXFileReference; fileEncoding = 4; lastKnownFileType = sourcecode.c.h; path = "NSAttributedString+JRExtension.h"; sourceTree = "<group>"; };
		304288C61E08DCA2004BDE4A /* NSAttributedString+JRExtension.m */ = {isa = PBXFileReference; fileEncoding = 4; lastKnownFileType = sourcecode.c.objc; path = "NSAttributedString+JRExtension.m"; sourceTree = "<group>"; };
		3087D4A31E1DEBB700D3CADA /* JRSimpleTextView.h */ = {isa = PBXFileReference; fileEncoding = 4; lastKnownFileType = sourcecode.c.h; path = JRSimpleTextView.h; sourceTree = "<group>"; };
		3087D4A41E1DEBB700D3CADA /* JRSimpleTextView.m */ = {isa = PBXFileReference; fileEncoding = 4; lastKnownFileType = sourcecode.c.objc; path = JRSimpleTextView.m; sourceTree = "<group>"; };
		3087D4A61E1DEC0100D3CADA /* JRColumnarLayoutView.h */ = {isa = PBXFileReference; fileEncoding = 4; lastKnownFileType = sourcecode.c.h; path = JRColumnarLayoutView.h; sourceTree = "<group>"; };
		3087D4A71E1DEC0100D3CADA /* JRColumnarLayoutView.m */ = {isa = PBXFileReference; fileEncoding = 4; lastKnownFileType = sourcecode.c.objc; path = JRColumnarLayoutView.m; sourceTree = "<group>"; };
		3087D4A91E1DED3600D3CADA /* JRManualLineBreakingView.h */ = {isa = PBXFileReference; fileEncoding = 4; lastKnownFileType = sourcecode.c.h; path = JRManualLineBreakingView.h; sourceTree = "<group>"; };
		3087D4AA1E1DED3600D3CADA /* JRManualLineBreakingView.m */ = {isa = PBXFileReference; fileEncoding = 4; lastKnownFileType = sourcecode.c.objc; path = JRManualLineBreakingView.m; sourceTree = "<group>"; };
		3087D4AC1E1DFFE000D3CADA /* JRParagraphStyleView.h */ = {isa = PBXFileReference; fileEncoding = 4; lastKnownFileType = sourcecode.c.h; path = JRParagraphStyleView.h; sourceTree = "<group>"; };
		3087D4AD1E1DFFE000D3CADA /* JRParagraphStyleView.m */ = {isa = PBXFileReference; fileEncoding = 4; lastKnownFileType = sourcecode.c.objc; path = JRParagraphStyleView.m; sourceTree = "<group>"; };
		3087D4AF1E1E027B00D3CADA /* JRNonrectangularRegionView.h */ = {isa = PBXFileReference; fileEncoding = 4; lastKnownFileType = sourcecode.c.h; path = JRNonrectangularRegionView.h; sourceTree = "<group>"; };
		3087D4B01E1E027B00D3CADA /* JRNonrectangularRegionView.m */ = {isa = PBXFileReference; fileEncoding = 4; lastKnownFileType = sourcecode.c.objc; path = JRNonrectangularRegionView.m; sourceTree = "<group>"; };
		3087D4B21E1E10F100D3CADA /* jr_CTFont.h */ = {isa = PBXFileReference; lastKnownFileType = sourcecode.c.h; path = jr_CTFont.h; sourceTree = "<group>"; };
		3087D4B31E1E1C2C00D3CADA /* jr_CTStringAttributes.h */ = {isa = PBXFileReference; lastKnownFileType = sourcecode.c.h; path = jr_CTStringAttributes.h; sourceTree = "<group>"; };
		3087D4B41E1E2D3B00D3CADA /* jr_CTLine.h */ = {isa = PBXFileReference; lastKnownFileType = sourcecode.c.h; path = jr_CTLine.h; sourceTree = "<group>"; };
		308AC7221E137CA000B54AAE /* jr_CGAffineTransform.h */ = {isa = PBXFileReference; lastKnownFileType = sourcecode.c.h; path = jr_CGAffineTransform.h; sourceTree = "<group>"; };
		308E87411E51AB6300600176 /* MGSwipeButton.h */ = {isa = PBXFileReference; fileEncoding = 4; lastKnownFileType = sourcecode.c.h; path = MGSwipeButton.h; sourceTree = "<group>"; };
		308E87421E51AB6300600176 /* MGSwipeButton.m */ = {isa = PBXFileReference; fileEncoding = 4; lastKnownFileType = sourcecode.c.objc; path = MGSwipeButton.m; sourceTree = "<group>"; };
		308E87431E51AB6300600176 /* MGSwipeTableCell.h */ = {isa = PBXFileReference; fileEncoding = 4; lastKnownFileType = sourcecode.c.h; path = MGSwipeTableCell.h; sourceTree = "<group>"; };
		308E87441E51AB6300600176 /* MGSwipeTableCell.m */ = {isa = PBXFileReference; fileEncoding = 4; lastKnownFileType = sourcecode.c.objc; path = MGSwipeTableCell.m; sourceTree = "<group>"; };
		309CCFE01E08FDE000B23A4D /* NSAttributedString.h */ = {isa = PBXFileReference; lastKnownFileType = sourcecode.c.h; path = NSAttributedString.h; sourceTree = "<group>"; };
		30A3C6661E52B3E8002424FA /* SDImageCache.h */ = {isa = PBXFileReference; fileEncoding = 4; lastKnownFileType = sourcecode.c.h; path = SDImageCache.h; sourceTree = "<group>"; };
		30A3C6671E52B3E8002424FA /* SDImageCache.m */ = {isa = PBXFileReference; fileEncoding = 4; lastKnownFileType = sourcecode.c.objc; path = SDImageCache.m; sourceTree = "<group>"; };
		30A3C6691E52B3E8002424FA /* NSData+ImageContentType.h */ = {isa = PBXFileReference; fileEncoding = 4; lastKnownFileType = sourcecode.c.h; path = "NSData+ImageContentType.h"; sourceTree = "<group>"; };
		30A3C66A1E52B3E8002424FA /* NSData+ImageContentType.m */ = {isa = PBXFileReference; fileEncoding = 4; lastKnownFileType = sourcecode.c.objc; path = "NSData+ImageContentType.m"; sourceTree = "<group>"; };
		30A3C66B1E52B3E8002424FA /* UIButton+WebCache.h */ = {isa = PBXFileReference; fileEncoding = 4; lastKnownFileType = sourcecode.c.h; path = "UIButton+WebCache.h"; sourceTree = "<group>"; };
		30A3C66C1E52B3E8002424FA /* UIButton+WebCache.m */ = {isa = PBXFileReference; fileEncoding = 4; lastKnownFileType = sourcecode.c.objc; path = "UIButton+WebCache.m"; sourceTree = "<group>"; };
		30A3C66D1E52B3E8002424FA /* UIImage+GIF.h */ = {isa = PBXFileReference; fileEncoding = 4; lastKnownFileType = sourcecode.c.h; path = "UIImage+GIF.h"; sourceTree = "<group>"; };
		30A3C66E1E52B3E8002424FA /* UIImage+GIF.m */ = {isa = PBXFileReference; fileEncoding = 4; lastKnownFileType = sourcecode.c.objc; path = "UIImage+GIF.m"; sourceTree = "<group>"; };
		30A3C66F1E52B3E8002424FA /* UIImage+MultiFormat.h */ = {isa = PBXFileReference; fileEncoding = 4; lastKnownFileType = sourcecode.c.h; path = "UIImage+MultiFormat.h"; sourceTree = "<group>"; };
		30A3C6701E52B3E8002424FA /* UIImage+MultiFormat.m */ = {isa = PBXFileReference; fileEncoding = 4; lastKnownFileType = sourcecode.c.objc; path = "UIImage+MultiFormat.m"; sourceTree = "<group>"; };
		30A3C6711E52B3E8002424FA /* UIImageView+HighlightedWebCache.h */ = {isa = PBXFileReference; fileEncoding = 4; lastKnownFileType = sourcecode.c.h; path = "UIImageView+HighlightedWebCache.h"; sourceTree = "<group>"; };
		30A3C6721E52B3E8002424FA /* UIImageView+HighlightedWebCache.m */ = {isa = PBXFileReference; fileEncoding = 4; lastKnownFileType = sourcecode.c.objc; path = "UIImageView+HighlightedWebCache.m"; sourceTree = "<group>"; };
		30A3C6731E52B3E8002424FA /* UIImageView+WebCache.h */ = {isa = PBXFileReference; fileEncoding = 4; lastKnownFileType = sourcecode.c.h; path = "UIImageView+WebCache.h"; sourceTree = "<group>"; };
		30A3C6741E52B3E8002424FA /* UIImageView+WebCache.m */ = {isa = PBXFileReference; fileEncoding = 4; lastKnownFileType = sourcecode.c.objc; path = "UIImageView+WebCache.m"; sourceTree = "<group>"; };
		30A3C6751E52B3E8002424FA /* UIView+WebCacheOperation.h */ = {isa = PBXFileReference; fileEncoding = 4; lastKnownFileType = sourcecode.c.h; path = "UIView+WebCacheOperation.h"; sourceTree = "<group>"; };
		30A3C6761E52B3E8002424FA /* UIView+WebCacheOperation.m */ = {isa = PBXFileReference; fileEncoding = 4; lastKnownFileType = sourcecode.c.objc; path = "UIView+WebCacheOperation.m"; sourceTree = "<group>"; };
		30A3C6781E52B3E8002424FA /* SDWebImageDownloader.h */ = {isa = PBXFileReference; fileEncoding = 4; lastKnownFileType = sourcecode.c.h; path = SDWebImageDownloader.h; sourceTree = "<group>"; };
		30A3C6791E52B3E8002424FA /* SDWebImageDownloader.m */ = {isa = PBXFileReference; fileEncoding = 4; lastKnownFileType = sourcecode.c.objc; path = SDWebImageDownloader.m; sourceTree = "<group>"; };
		30A3C67A1E52B3E8002424FA /* SDWebImageDownloaderOperation.h */ = {isa = PBXFileReference; fileEncoding = 4; lastKnownFileType = sourcecode.c.h; path = SDWebImageDownloaderOperation.h; sourceTree = "<group>"; };
		30A3C67B1E52B3E8002424FA /* SDWebImageDownloaderOperation.m */ = {isa = PBXFileReference; fileEncoding = 4; lastKnownFileType = sourcecode.c.objc; path = SDWebImageDownloaderOperation.m; sourceTree = "<group>"; };
		30A3C67D1E52B3E8002424FA /* SDWebImageCompat.h */ = {isa = PBXFileReference; fileEncoding = 4; lastKnownFileType = sourcecode.c.h; path = SDWebImageCompat.h; sourceTree = "<group>"; };
		30A3C67E1E52B3E8002424FA /* SDWebImageCompat.m */ = {isa = PBXFileReference; fileEncoding = 4; lastKnownFileType = sourcecode.c.objc; path = SDWebImageCompat.m; sourceTree = "<group>"; };
		30A3C67F1E52B3E8002424FA /* SDWebImageOperation.h */ = {isa = PBXFileReference; fileEncoding = 4; lastKnownFileType = sourcecode.c.h; path = SDWebImageOperation.h; sourceTree = "<group>"; };
		30A3C6811E52B3E8002424FA /* SDWebImageDecoder.h */ = {isa = PBXFileReference; fileEncoding = 4; lastKnownFileType = sourcecode.c.h; path = SDWebImageDecoder.h; sourceTree = "<group>"; };
		30A3C6821E52B3E8002424FA /* SDWebImageDecoder.m */ = {isa = PBXFileReference; fileEncoding = 4; lastKnownFileType = sourcecode.c.objc; path = SDWebImageDecoder.m; sourceTree = "<group>"; };
		30A3C6831E52B3E8002424FA /* SDWebImageManager.h */ = {isa = PBXFileReference; fileEncoding = 4; lastKnownFileType = sourcecode.c.h; path = SDWebImageManager.h; sourceTree = "<group>"; };
		30A3C6841E52B3E8002424FA /* SDWebImageManager.m */ = {isa = PBXFileReference; fileEncoding = 4; lastKnownFileType = sourcecode.c.objc; path = SDWebImageManager.m; sourceTree = "<group>"; };
		30A3C6851E52B3E8002424FA /* SDWebImagePrefetcher.h */ = {isa = PBXFileReference; fileEncoding = 4; lastKnownFileType = sourcecode.c.h; path = SDWebImagePrefetcher.h; sourceTree = "<group>"; };
		30A3C6861E52B3E8002424FA /* SDWebImagePrefetcher.m */ = {isa = PBXFileReference; fileEncoding = 4; lastKnownFileType = sourcecode.c.objc; path = SDWebImagePrefetcher.m; sourceTree = "<group>"; };
		30ADD58E1E4D502D001012E5 /* TTTAttributedLabel.h */ = {isa = PBXFileReference; fileEncoding = 4; lastKnownFileType = sourcecode.c.h; path = TTTAttributedLabel.h; sourceTree = "<group>"; };
		30ADD58F1E4D502D001012E5 /* TTTAttributedLabel.m */ = {isa = PBXFileReference; fileEncoding = 4; lastKnownFileType = sourcecode.c.objc; path = TTTAttributedLabel.m; sourceTree = "<group>"; };
		30ADD5921E4D5053001012E5 /* NSMutableAttributedString+TY.h */ = {isa = PBXFileReference; fileEncoding = 4; lastKnownFileType = sourcecode.c.h; path = "NSMutableAttributedString+TY.h"; sourceTree = "<group>"; };
		30ADD5931E4D5053001012E5 /* NSMutableAttributedString+TY.m */ = {isa = PBXFileReference; fileEncoding = 4; lastKnownFileType = sourcecode.c.objc; path = "NSMutableAttributedString+TY.m"; sourceTree = "<group>"; };
		30ADD5941E4D5053001012E5 /* TYAttributedLabel.h */ = {isa = PBXFileReference; fileEncoding = 4; lastKnownFileType = sourcecode.c.h; path = TYAttributedLabel.h; sourceTree = "<group>"; };
		30ADD5951E4D5053001012E5 /* TYAttributedLabel.m */ = {isa = PBXFileReference; fileEncoding = 4; lastKnownFileType = sourcecode.c.objc; path = TYAttributedLabel.m; sourceTree = "<group>"; };
		30ADD5961E4D5053001012E5 /* TYDrawStorage.h */ = {isa = PBXFileReference; fileEncoding = 4; lastKnownFileType = sourcecode.c.h; path = TYDrawStorage.h; sourceTree = "<group>"; };
		30ADD5971E4D5053001012E5 /* TYDrawStorage.m */ = {isa = PBXFileReference; fileEncoding = 4; lastKnownFileType = sourcecode.c.objc; path = TYDrawStorage.m; sourceTree = "<group>"; };
		30ADD5981E4D5053001012E5 /* TYImageCache.h */ = {isa = PBXFileReference; fileEncoding = 4; lastKnownFileType = sourcecode.c.h; path = TYImageCache.h; sourceTree = "<group>"; };
		30ADD5991E4D5053001012E5 /* TYImageCache.m */ = {isa = PBXFileReference; fileEncoding = 4; lastKnownFileType = sourcecode.c.objc; path = TYImageCache.m; sourceTree = "<group>"; };
		30ADD59A1E4D5053001012E5 /* TYImageStorage.h */ = {isa = PBXFileReference; fileEncoding = 4; lastKnownFileType = sourcecode.c.h; path = TYImageStorage.h; sourceTree = "<group>"; };
		30ADD59B1E4D5053001012E5 /* TYImageStorage.m */ = {isa = PBXFileReference; fileEncoding = 4; lastKnownFileType = sourcecode.c.objc; path = TYImageStorage.m; sourceTree = "<group>"; };
		30ADD59C1E4D5053001012E5 /* TYLinkTextStorage.h */ = {isa = PBXFileReference; fileEncoding = 4; lastKnownFileType = sourcecode.c.h; path = TYLinkTextStorage.h; sourceTree = "<group>"; };
		30ADD59D1E4D5053001012E5 /* TYLinkTextStorage.m */ = {isa = PBXFileReference; fileEncoding = 4; lastKnownFileType = sourcecode.c.objc; path = TYLinkTextStorage.m; sourceTree = "<group>"; };
		30ADD59E1E4D5053001012E5 /* TYTextContainer+Extended.m */ = {isa = PBXFileReference; fileEncoding = 4; lastKnownFileType = sourcecode.c.objc; path = "TYTextContainer+Extended.m"; sourceTree = "<group>"; };
		30ADD59F1E4D5053001012E5 /* TYTextContainer.h */ = {isa = PBXFileReference; fileEncoding = 4; lastKnownFileType = sourcecode.c.h; path = TYTextContainer.h; sourceTree = "<group>"; };
		30ADD5A01E4D5053001012E5 /* TYTextContainer.m */ = {isa = PBXFileReference; fileEncoding = 4; lastKnownFileType = sourcecode.c.objc; path = TYTextContainer.m; sourceTree = "<group>"; };
		30ADD5A11E4D5053001012E5 /* TYTextStorage.h */ = {isa = PBXFileReference; fileEncoding = 4; lastKnownFileType = sourcecode.c.h; path = TYTextStorage.h; sourceTree = "<group>"; };
		30ADD5A21E4D5053001012E5 /* TYTextStorage.m */ = {isa = PBXFileReference; fileEncoding = 4; lastKnownFileType = sourcecode.c.objc; path = TYTextStorage.m; sourceTree = "<group>"; };
		30ADD5A31E4D5053001012E5 /* TYTextStorageProtocol.h */ = {isa = PBXFileReference; fileEncoding = 4; lastKnownFileType = sourcecode.c.h; path = TYTextStorageProtocol.h; sourceTree = "<group>"; };
		30ADD5A41E4D5053001012E5 /* TYViewStorage.h */ = {isa = PBXFileReference; fileEncoding = 4; lastKnownFileType = sourcecode.c.h; path = TYViewStorage.h; sourceTree = "<group>"; };
		30ADD5A51E4D5053001012E5 /* TYViewStorage.m */ = {isa = PBXFileReference; fileEncoding = 4; lastKnownFileType = sourcecode.c.objc; path = TYViewStorage.m; sourceTree = "<group>"; };
		30ADD5B21E4D505F001012E5 /* YYTextContainerView.h */ = {isa = PBXFileReference; fileEncoding = 4; lastKnownFileType = sourcecode.c.h; path = YYTextContainerView.h; sourceTree = "<group>"; };
		30ADD5B31E4D505F001012E5 /* YYTextContainerView.m */ = {isa = PBXFileReference; fileEncoding = 4; lastKnownFileType = sourcecode.c.objc; path = YYTextContainerView.m; sourceTree = "<group>"; };
		30ADD5B41E4D505F001012E5 /* YYTextDebugOption.h */ = {isa = PBXFileReference; fileEncoding = 4; lastKnownFileType = sourcecode.c.h; path = YYTextDebugOption.h; sourceTree = "<group>"; };
		30ADD5B51E4D505F001012E5 /* YYTextDebugOption.m */ = {isa = PBXFileReference; fileEncoding = 4; lastKnownFileType = sourcecode.c.objc; path = YYTextDebugOption.m; sourceTree = "<group>"; };
		30ADD5B61E4D505F001012E5 /* YYTextEffectWindow.h */ = {isa = PBXFileReference; fileEncoding = 4; lastKnownFileType = sourcecode.c.h; path = YYTextEffectWindow.h; sourceTree = "<group>"; };
		30ADD5B71E4D505F001012E5 /* YYTextEffectWindow.m */ = {isa = PBXFileReference; fileEncoding = 4; lastKnownFileType = sourcecode.c.objc; path = YYTextEffectWindow.m; sourceTree = "<group>"; };
		30ADD5B81E4D505F001012E5 /* YYTextInput.h */ = {isa = PBXFileReference; fileEncoding = 4; lastKnownFileType = sourcecode.c.h; path = YYTextInput.h; sourceTree = "<group>"; };
		30ADD5B91E4D505F001012E5 /* YYTextInput.m */ = {isa = PBXFileReference; fileEncoding = 4; lastKnownFileType = sourcecode.c.objc; path = YYTextInput.m; sourceTree = "<group>"; };
		30ADD5BA1E4D505F001012E5 /* YYTextKeyboardManager.h */ = {isa = PBXFileReference; fileEncoding = 4; lastKnownFileType = sourcecode.c.h; path = YYTextKeyboardManager.h; sourceTree = "<group>"; };
		30ADD5BB1E4D505F001012E5 /* YYTextKeyboardManager.m */ = {isa = PBXFileReference; fileEncoding = 4; lastKnownFileType = sourcecode.c.objc; path = YYTextKeyboardManager.m; sourceTree = "<group>"; };
		30ADD5BC1E4D505F001012E5 /* YYTextLayout.h */ = {isa = PBXFileReference; fileEncoding = 4; lastKnownFileType = sourcecode.c.h; path = YYTextLayout.h; sourceTree = "<group>"; };
		30ADD5BD1E4D505F001012E5 /* YYTextLayout.m */ = {isa = PBXFileReference; fileEncoding = 4; lastKnownFileType = sourcecode.c.objc; path = YYTextLayout.m; sourceTree = "<group>"; };
		30ADD5BE1E4D505F001012E5 /* YYTextLine.h */ = {isa = PBXFileReference; fileEncoding = 4; lastKnownFileType = sourcecode.c.h; path = YYTextLine.h; sourceTree = "<group>"; };
		30ADD5BF1E4D505F001012E5 /* YYTextLine.m */ = {isa = PBXFileReference; fileEncoding = 4; lastKnownFileType = sourcecode.c.objc; path = YYTextLine.m; sourceTree = "<group>"; };
		30ADD5C01E4D505F001012E5 /* YYTextMagnifier.h */ = {isa = PBXFileReference; fileEncoding = 4; lastKnownFileType = sourcecode.c.h; path = YYTextMagnifier.h; sourceTree = "<group>"; };
		30ADD5C11E4D505F001012E5 /* YYTextMagnifier.m */ = {isa = PBXFileReference; fileEncoding = 4; lastKnownFileType = sourcecode.c.objc; path = YYTextMagnifier.m; sourceTree = "<group>"; };
		30ADD5C21E4D505F001012E5 /* YYTextSelectionView.h */ = {isa = PBXFileReference; fileEncoding = 4; lastKnownFileType = sourcecode.c.h; path = YYTextSelectionView.h; sourceTree = "<group>"; };
		30ADD5C31E4D505F001012E5 /* YYTextSelectionView.m */ = {isa = PBXFileReference; fileEncoding = 4; lastKnownFileType = sourcecode.c.objc; path = YYTextSelectionView.m; sourceTree = "<group>"; };
		30ADD5C51E4D505F001012E5 /* YYTextArchiver.h */ = {isa = PBXFileReference; fileEncoding = 4; lastKnownFileType = sourcecode.c.h; path = YYTextArchiver.h; sourceTree = "<group>"; };
		30ADD5C61E4D505F001012E5 /* YYTextArchiver.m */ = {isa = PBXFileReference; fileEncoding = 4; lastKnownFileType = sourcecode.c.objc; path = YYTextArchiver.m; sourceTree = "<group>"; };
		30ADD5C71E4D505F001012E5 /* YYTextAttribute.h */ = {isa = PBXFileReference; fileEncoding = 4; lastKnownFileType = sourcecode.c.h; path = YYTextAttribute.h; sourceTree = "<group>"; };
		30ADD5C81E4D505F001012E5 /* YYTextAttribute.m */ = {isa = PBXFileReference; fileEncoding = 4; lastKnownFileType = sourcecode.c.objc; path = YYTextAttribute.m; sourceTree = "<group>"; };
		30ADD5C91E4D505F001012E5 /* YYTextParser.h */ = {isa = PBXFileReference; fileEncoding = 4; lastKnownFileType = sourcecode.c.h; path = YYTextParser.h; sourceTree = "<group>"; };
		30ADD5CA1E4D505F001012E5 /* YYTextParser.m */ = {isa = PBXFileReference; fileEncoding = 4; lastKnownFileType = sourcecode.c.objc; path = YYTextParser.m; sourceTree = "<group>"; };
		30ADD5CB1E4D505F001012E5 /* YYTextRubyAnnotation.h */ = {isa = PBXFileReference; fileEncoding = 4; lastKnownFileType = sourcecode.c.h; path = YYTextRubyAnnotation.h; sourceTree = "<group>"; };
		30ADD5CC1E4D505F001012E5 /* YYTextRubyAnnotation.m */ = {isa = PBXFileReference; fileEncoding = 4; lastKnownFileType = sourcecode.c.objc; path = YYTextRubyAnnotation.m; sourceTree = "<group>"; };
		30ADD5CD1E4D505F001012E5 /* YYTextRunDelegate.h */ = {isa = PBXFileReference; fileEncoding = 4; lastKnownFileType = sourcecode.c.h; path = YYTextRunDelegate.h; sourceTree = "<group>"; };
		30ADD5CE1E4D505F001012E5 /* YYTextRunDelegate.m */ = {isa = PBXFileReference; fileEncoding = 4; lastKnownFileType = sourcecode.c.objc; path = YYTextRunDelegate.m; sourceTree = "<group>"; };
		30ADD5D01E4D505F001012E5 /* NSAttributedString+YYText.h */ = {isa = PBXFileReference; fileEncoding = 4; lastKnownFileType = sourcecode.c.h; path = "NSAttributedString+YYText.h"; sourceTree = "<group>"; };
		30ADD5D11E4D505F001012E5 /* NSAttributedString+YYText.m */ = {isa = PBXFileReference; fileEncoding = 4; lastKnownFileType = sourcecode.c.objc; path = "NSAttributedString+YYText.m"; sourceTree = "<group>"; };
		30ADD5D21E4D505F001012E5 /* NSParagraphStyle+YYText.h */ = {isa = PBXFileReference; fileEncoding = 4; lastKnownFileType = sourcecode.c.h; path = "NSParagraphStyle+YYText.h"; sourceTree = "<group>"; };
		30ADD5D31E4D505F001012E5 /* NSParagraphStyle+YYText.m */ = {isa = PBXFileReference; fileEncoding = 4; lastKnownFileType = sourcecode.c.objc; path = "NSParagraphStyle+YYText.m"; sourceTree = "<group>"; };
		30ADD5D41E4D505F001012E5 /* UIPasteboard+YYText.h */ = {isa = PBXFileReference; fileEncoding = 4; lastKnownFileType = sourcecode.c.h; path = "UIPasteboard+YYText.h"; sourceTree = "<group>"; };
		30ADD5D51E4D505F001012E5 /* UIPasteboard+YYText.m */ = {isa = PBXFileReference; fileEncoding = 4; lastKnownFileType = sourcecode.c.objc; path = "UIPasteboard+YYText.m"; sourceTree = "<group>"; };
		30ADD5D61E4D505F001012E5 /* UIView+YYText.h */ = {isa = PBXFileReference; fileEncoding = 4; lastKnownFileType = sourcecode.c.h; path = "UIView+YYText.h"; sourceTree = "<group>"; };
		30ADD5D71E4D505F001012E5 /* UIView+YYText.m */ = {isa = PBXFileReference; fileEncoding = 4; lastKnownFileType = sourcecode.c.objc; path = "UIView+YYText.m"; sourceTree = "<group>"; };
		30ADD5D81E4D505F001012E5 /* YYTextAsyncLayer.h */ = {isa = PBXFileReference; fileEncoding = 4; lastKnownFileType = sourcecode.c.h; path = YYTextAsyncLayer.h; sourceTree = "<group>"; };
		30ADD5D91E4D505F001012E5 /* YYTextAsyncLayer.m */ = {isa = PBXFileReference; fileEncoding = 4; lastKnownFileType = sourcecode.c.objc; path = YYTextAsyncLayer.m; sourceTree = "<group>"; };
		30ADD5DA1E4D505F001012E5 /* YYTextTransaction.h */ = {isa = PBXFileReference; fileEncoding = 4; lastKnownFileType = sourcecode.c.h; path = YYTextTransaction.h; sourceTree = "<group>"; };
		30ADD5DB1E4D505F001012E5 /* YYTextTransaction.m */ = {isa = PBXFileReference; fileEncoding = 4; lastKnownFileType = sourcecode.c.objc; path = YYTextTransaction.m; sourceTree = "<group>"; };
		30ADD5DC1E4D505F001012E5 /* YYTextUtilities.h */ = {isa = PBXFileReference; fileEncoding = 4; lastKnownFileType = sourcecode.c.h; path = YYTextUtilities.h; sourceTree = "<group>"; };
		30ADD5DD1E4D505F001012E5 /* YYTextUtilities.m */ = {isa = PBXFileReference; fileEncoding = 4; lastKnownFileType = sourcecode.c.objc; path = YYTextUtilities.m; sourceTree = "<group>"; };
		30ADD5DE1E4D505F001012E5 /* YYTextWeakProxy.h */ = {isa = PBXFileReference; fileEncoding = 4; lastKnownFileType = sourcecode.c.h; path = YYTextWeakProxy.h; sourceTree = "<group>"; };
		30ADD5DF1E4D505F001012E5 /* YYTextWeakProxy.m */ = {isa = PBXFileReference; fileEncoding = 4; lastKnownFileType = sourcecode.c.objc; path = YYTextWeakProxy.m; sourceTree = "<group>"; };
		30ADD5E01E4D505F001012E5 /* YYLabel.h */ = {isa = PBXFileReference; fileEncoding = 4; lastKnownFileType = sourcecode.c.h; path = YYLabel.h; sourceTree = "<group>"; };
		30ADD5E11E4D505F001012E5 /* YYLabel.m */ = {isa = PBXFileReference; fileEncoding = 4; lastKnownFileType = sourcecode.c.objc; path = YYLabel.m; sourceTree = "<group>"; };
		30ADD5E21E4D505F001012E5 /* YYText.h */ = {isa = PBXFileReference; fileEncoding = 4; lastKnownFileType = sourcecode.c.h; path = YYText.h; sourceTree = "<group>"; };
		30ADD5E31E4D505F001012E5 /* YYTextView.h */ = {isa = PBXFileReference; fileEncoding = 4; lastKnownFileType = sourcecode.c.h; path = YYTextView.h; sourceTree = "<group>"; };
		30ADD5E41E4D505F001012E5 /* YYTextView.m */ = {isa = PBXFileReference; fileEncoding = 4; lastKnownFileType = sourcecode.c.objc; path = YYTextView.m; sourceTree = "<group>"; };
		30ADD5FD1E4D641E001012E5 /* jr_ CGPath.h */ = {isa = PBXFileReference; lastKnownFileType = sourcecode.c.h; path = "jr_ CGPath.h"; sourceTree = "<group>"; };
		30CD5E0B1E13589800E0F2E9 /* jr_CGContext.h */ = {isa = PBXFileReference; fileEncoding = 4; lastKnownFileType = sourcecode.c.h; path = jr_CGContext.h; sourceTree = "<group>"; };
		30FE49F41E15033700ED9F47 /* UIView+YYAdd.h */ = {isa = PBXFileReference; fileEncoding = 4; lastKnownFileType = sourcecode.c.h; path = "UIView+YYAdd.h"; sourceTree = "<group>"; };
		30FE49F51E15033700ED9F47 /* UIView+YYAdd.m */ = {isa = PBXFileReference; fileEncoding = 4; lastKnownFileType = sourcecode.c.objc; path = "UIView+YYAdd.m"; sourceTree = "<group>"; };
		519580AAE907D9DADAD16CB2 /* Pods-AttributeText-Demo.release.xcconfig */ = {isa = PBXFileReference; includeInIndex = 1; lastKnownFileType = text.xcconfig; name = "Pods-AttributeText-Demo.release.xcconfig"; path = "Pods/Target Support Files/Pods-AttributeText-Demo/Pods-AttributeText-Demo.release.xcconfig"; sourceTree = "<group>"; };
		75A7D122A4ED564AF4A93467 /* libPods-AttributeText-Demo.a */ = {isa = PBXFileReference; explicitFileType = archive.ar; includeInIndex = 0; path = "libPods-AttributeText-Demo.a"; sourceTree = BUILT_PRODUCTS_DIR; };
		C400712D1D901ED100220BB9 /* TextViewController.h */ = {isa = PBXFileReference; fileEncoding = 4; lastKnownFileType = sourcecode.c.h; path = TextViewController.h; sourceTree = "<group>"; };
		C400712E1D901ED100220BB9 /* TextViewController.m */ = {isa = PBXFileReference; fileEncoding = 4; lastKnownFileType = sourcecode.c.objc; path = TextViewController.m; sourceTree = "<group>"; };
		C40448AD1D82654D0039A815 /* JRBaseViewController.h */ = {isa = PBXFileReference; fileEncoding = 4; lastKnownFileType = sourcecode.c.h; path = JRBaseViewController.h; sourceTree = "<group>"; };
		C40448AE1D82654D0039A815 /* JRBaseViewController.m */ = {isa = PBXFileReference; fileEncoding = 4; lastKnownFileType = sourcecode.c.objc; path = JRBaseViewController.m; sourceTree = "<group>"; };
		C40448B01D82655A0039A815 /* MainViewController.h */ = {isa = PBXFileReference; fileEncoding = 4; lastKnownFileType = sourcecode.c.h; path = MainViewController.h; sourceTree = "<group>"; };
		C40448B11D82655A0039A815 /* MainViewController.m */ = {isa = PBXFileReference; fileEncoding = 4; lastKnownFileType = sourcecode.c.objc; path = MainViewController.m; sourceTree = "<group>"; };
		C40448B31D8287330039A815 /* PrefixHeader.pch */ = {isa = PBXFileReference; lastKnownFileType = sourcecode.c.h; path = PrefixHeader.pch; sourceTree = "<group>"; };
		C40448B41D8287880039A815 /* FrameWorksHeader.h */ = {isa = PBXFileReference; lastKnownFileType = sourcecode.c.h; path = FrameWorksHeader.h; sourceTree = "<group>"; };
		C4064EF61D940EE100B197A7 /* JRThreadModel.h */ = {isa = PBXFileReference; fileEncoding = 4; lastKnownFileType = sourcecode.c.h; path = JRThreadModel.h; sourceTree = "<group>"; };
		C4064EF71D940EE100B197A7 /* JRThreadModel.m */ = {isa = PBXFileReference; fileEncoding = 4; lastKnownFileType = sourcecode.c.objc; path = JRThreadModel.m; sourceTree = "<group>"; };
		C40D94731D7FAE0900E512ED /* AttributeText-Demo.app */ = {isa = PBXFileReference; explicitFileType = wrapper.application; includeInIndex = 0; path = "AttributeText-Demo.app"; sourceTree = BUILT_PRODUCTS_DIR; };
		C40D94771D7FAE0900E512ED /* main.m */ = {isa = PBXFileReference; lastKnownFileType = sourcecode.c.objc; path = main.m; sourceTree = "<group>"; };
		C40D94791D7FAE0900E512ED /* AppDelegate.h */ = {isa = PBXFileReference; lastKnownFileType = sourcecode.c.h; path = AppDelegate.h; sourceTree = "<group>"; };
		C40D947A1D7FAE0900E512ED /* AppDelegate.m */ = {isa = PBXFileReference; lastKnownFileType = sourcecode.c.objc; path = AppDelegate.m; sourceTree = "<group>"; };
		C40D94801D7FAE0900E512ED /* Base */ = {isa = PBXFileReference; lastKnownFileType = file.storyboard; name = Base; path = Base.lproj/Main.storyboard; sourceTree = "<group>"; };
		C40D94821D7FAE0900E512ED /* Assets.xcassets */ = {isa = PBXFileReference; lastKnownFileType = folder.assetcatalog; path = Assets.xcassets; sourceTree = "<group>"; };
		C40D94851D7FAE0900E512ED /* Base */ = {isa = PBXFileReference; lastKnownFileType = file.storyboard; name = Base; path = Base.lproj/LaunchScreen.storyboard; sourceTree = "<group>"; };
		C40D94871D7FAE0900E512ED /* Info.plist */ = {isa = PBXFileReference; lastKnownFileType = text.plist.xml; path = Info.plist; sourceTree = "<group>"; };
		C41D53B11E0D6E1100DEDFF9 /* JRCoreImageController.h */ = {isa = PBXFileReference; fileEncoding = 4; lastKnownFileType = sourcecode.c.h; path = JRCoreImageController.h; sourceTree = "<group>"; };
		C41D53B21E0D6E1100DEDFF9 /* JRCoreImageController.m */ = {isa = PBXFileReference; fileEncoding = 4; lastKnownFileType = sourcecode.c.objc; path = JRCoreImageController.m; sourceTree = "<group>"; };
		C41D53B41E0D768600DEDFF9 /* apple.jpg */ = {isa = PBXFileReference; lastKnownFileType = image.jpeg; path = apple.jpg; sourceTree = "<group>"; };
		C4238BD81E1DCC4200958034 /* jr_CTFrameRef.h */ = {isa = PBXFileReference; lastKnownFileType = sourcecode.c.h; path = jr_CTFrameRef.h; sourceTree = "<group>"; };
		C42600131E115CB80022C4D5 /* JRCoreTextController.h */ = {isa = PBXFileReference; fileEncoding = 4; lastKnownFileType = sourcecode.c.h; path = JRCoreTextController.h; sourceTree = "<group>"; };
		C42600141E115CB80022C4D5 /* JRCoreTextController.m */ = {isa = PBXFileReference; fileEncoding = 4; lastKnownFileType = sourcecode.c.objc; path = JRCoreTextController.m; sourceTree = "<group>"; };
		C42600161E115EBA0022C4D5 /* JRCoreTextView.h */ = {isa = PBXFileReference; fileEncoding = 4; lastKnownFileType = sourcecode.c.h; path = JRCoreTextView.h; sourceTree = "<group>"; };
		C42600171E115EBA0022C4D5 /* JRCoreTextView.m */ = {isa = PBXFileReference; fileEncoding = 4; lastKnownFileType = sourcecode.c.objc; path = JRCoreTextView.m; sourceTree = "<group>"; };
		C426001A1E1175790022C4D5 /* JRParagraphView.h */ = {isa = PBXFileReference; fileEncoding = 4; lastKnownFileType = sourcecode.c.h; path = JRParagraphView.h; sourceTree = "<group>"; };
		C426001B1E1175790022C4D5 /* JRParagraphView.m */ = {isa = PBXFileReference; fileEncoding = 4; lastKnownFileType = sourcecode.c.objc; path = JRParagraphView.m; sourceTree = "<group>"; };
		C42668FD1E17509D00D945B3 /* jr_CFDictionary.h */ = {isa = PBXFileReference; lastKnownFileType = sourcecode.c.h; path = jr_CFDictionary.h; sourceTree = "<group>"; };
		C429A5771D8167BA00A430A6 /* data0.json */ = {isa = PBXFileReference; fileEncoding = 4; lastKnownFileType = text.json; path = data0.json; sourceTree = "<group>"; };
		C429A5781D8167BA00A430A6 /* data1.json */ = {isa = PBXFileReference; fileEncoding = 4; lastKnownFileType = text.json; path = data1.json; sourceTree = "<group>"; };
		C429A5791D8167BA00A430A6 /* data10.json */ = {isa = PBXFileReference; fileEncoding = 4; lastKnownFileType = text.json; path = data10.json; sourceTree = "<group>"; };
		C429A57A1D8167BA00A430A6 /* data11.json */ = {isa = PBXFileReference; fileEncoding = 4; lastKnownFileType = text.json; path = data11.json; sourceTree = "<group>"; };
		C429A57B1D8167BA00A430A6 /* data12.json */ = {isa = PBXFileReference; fileEncoding = 4; lastKnownFileType = text.json; path = data12.json; sourceTree = "<group>"; };
		C429A57C1D8167BA00A430A6 /* data13.json */ = {isa = PBXFileReference; fileEncoding = 4; lastKnownFileType = text.json; path = data13.json; sourceTree = "<group>"; };
		C429A57D1D8167BA00A430A6 /* data14.json */ = {isa = PBXFileReference; fileEncoding = 4; lastKnownFileType = text.json; path = data14.json; sourceTree = "<group>"; };
		C429A57E1D8167BA00A430A6 /* data15.json */ = {isa = PBXFileReference; fileEncoding = 4; lastKnownFileType = text.json; path = data15.json; sourceTree = "<group>"; };
		C429A57F1D8167BA00A430A6 /* data16.json */ = {isa = PBXFileReference; fileEncoding = 4; lastKnownFileType = text.json; path = data16.json; sourceTree = "<group>"; };
		C429A5801D8167BA00A430A6 /* data17.json */ = {isa = PBXFileReference; fileEncoding = 4; lastKnownFileType = text.json; path = data17.json; sourceTree = "<group>"; };
		C429A5811D8167BA00A430A6 /* data18.json */ = {isa = PBXFileReference; fileEncoding = 4; lastKnownFileType = text.json; path = data18.json; sourceTree = "<group>"; };
		C429A5821D8167BA00A430A6 /* data19.json */ = {isa = PBXFileReference; fileEncoding = 4; lastKnownFileType = text.json; path = data19.json; sourceTree = "<group>"; };
		C429A5831D8167BA00A430A6 /* data2.json */ = {isa = PBXFileReference; fileEncoding = 4; lastKnownFileType = text.json; path = data2.json; sourceTree = "<group>"; };
		C429A5841D8167BA00A430A6 /* data20.json */ = {isa = PBXFileReference; fileEncoding = 4; lastKnownFileType = text.json; path = data20.json; sourceTree = "<group>"; };
		C429A5851D8167BA00A430A6 /* data3.json */ = {isa = PBXFileReference; fileEncoding = 4; lastKnownFileType = text.json; path = data3.json; sourceTree = "<group>"; };
		C429A5861D8167BA00A430A6 /* data4.json */ = {isa = PBXFileReference; fileEncoding = 4; lastKnownFileType = text.json; path = data4.json; sourceTree = "<group>"; };
		C429A5871D8167BA00A430A6 /* data5.json */ = {isa = PBXFileReference; fileEncoding = 4; lastKnownFileType = text.json; path = data5.json; sourceTree = "<group>"; };
		C429A5881D8167BA00A430A6 /* data6.json */ = {isa = PBXFileReference; fileEncoding = 4; lastKnownFileType = text.json; path = data6.json; sourceTree = "<group>"; };
		C429A5891D8167BA00A430A6 /* data7.json */ = {isa = PBXFileReference; fileEncoding = 4; lastKnownFileType = text.json; path = data7.json; sourceTree = "<group>"; };
		C429A58A1D8167BA00A430A6 /* data8.json */ = {isa = PBXFileReference; fileEncoding = 4; lastKnownFileType = text.json; path = data8.json; sourceTree = "<group>"; };
		C429A58B1D8167BA00A430A6 /* data9.json */ = {isa = PBXFileReference; fileEncoding = 4; lastKnownFileType = text.json; path = data9.json; sourceTree = "<group>"; };
		C42A193D1E133E9500268F1C /* JRTranslateCTMView.h */ = {isa = PBXFileReference; fileEncoding = 4; lastKnownFileType = sourcecode.c.h; path = JRTranslateCTMView.h; sourceTree = "<group>"; };
		C42A193E1E133E9500268F1C /* JRTranslateCTMView.m */ = {isa = PBXFileReference; fileEncoding = 4; lastKnownFileType = sourcecode.c.objc; path = JRTranslateCTMView.m; sourceTree = "<group>"; };
		C42E98941E16A45C004A6159 /* jr_CFString.h */ = {isa = PBXFileReference; lastKnownFileType = sourcecode.c.h; path = jr_CFString.h; sourceTree = "<group>"; };
		C42E98951E16A99E004A6159 /* JRCoreFoundationController.h */ = {isa = PBXFileReference; fileEncoding = 4; lastKnownFileType = sourcecode.c.h; path = JRCoreFoundationController.h; sourceTree = "<group>"; };
		C42E98961E16A99E004A6159 /* JRCoreFoundationController.m */ = {isa = PBXFileReference; fileEncoding = 4; lastKnownFileType = sourcecode.c.objc; path = JRCoreFoundationController.m; sourceTree = "<group>"; };
		C43741971E1FF3E700FAD830 /* jr_CTFrame.h */ = {isa = PBXFileReference; lastKnownFileType = sourcecode.c.h; path = jr_CTFrame.h; sourceTree = "<group>"; };
		C43EDF731E0A863A00893611 /* JRBlurViewController.h */ = {isa = PBXFileReference; fileEncoding = 4; lastKnownFileType = sourcecode.c.h; path = JRBlurViewController.h; sourceTree = "<group>"; };
		C43EDF741E0A863A00893611 /* JRBlurViewController.m */ = {isa = PBXFileReference; fileEncoding = 4; lastKnownFileType = sourcecode.c.objc; path = JRBlurViewController.m; sourceTree = "<group>"; };
		C4478C4D1D8FC57A0099EA3C /* JRYYTextViewController.h */ = {isa = PBXFileReference; fileEncoding = 4; lastKnownFileType = sourcecode.c.h; path = JRYYTextViewController.h; sourceTree = "<group>"; };
		C4478C4E1D8FC57A0099EA3C /* JRYYTextViewController.m */ = {isa = PBXFileReference; fileEncoding = 4; lastKnownFileType = sourcecode.c.objc; path = JRYYTextViewController.m; sourceTree = "<group>"; };
		C48275121D9174F40032EE10 /* UIColor+JRExtension.h */ = {isa = PBXFileReference; fileEncoding = 4; lastKnownFileType = sourcecode.c.h; path = "UIColor+JRExtension.h"; sourceTree = "<group>"; };
		C48275131D9174F40032EE10 /* UIColor+JRExtension.m */ = {isa = PBXFileReference; fileEncoding = 4; lastKnownFileType = sourcecode.c.objc; path = "UIColor+JRExtension.m"; sourceTree = "<group>"; };
		C48275551D9187DF0032EE10 /* JRViewController.h */ = {isa = PBXFileReference; fileEncoding = 4; lastKnownFileType = sourcecode.c.h; path = JRViewController.h; sourceTree = "<group>"; };
		C48275561D9187DF0032EE10 /* JRViewController.m */ = {isa = PBXFileReference; fileEncoding = 4; lastKnownFileType = sourcecode.c.objc; path = JRViewController.m; sourceTree = "<group>"; };
		C48275581D91947B0032EE10 /* JRButton.h */ = {isa = PBXFileReference; fileEncoding = 4; lastKnownFileType = sourcecode.c.h; path = JRButton.h; sourceTree = "<group>"; };
		C48275591D91947B0032EE10 /* JRButton.m */ = {isa = PBXFileReference; fileEncoding = 4; lastKnownFileType = sourcecode.c.objc; path = JRButton.m; sourceTree = "<group>"; };
		C482755F1D919EFC0032EE10 /* JRForumDetialController.h */ = {isa = PBXFileReference; fileEncoding = 4; lastKnownFileType = sourcecode.c.h; path = JRForumDetialController.h; sourceTree = "<group>"; };
		C48275601D919EFC0032EE10 /* JRForumDetialController.m */ = {isa = PBXFileReference; fileEncoding = 4; lastKnownFileType = sourcecode.c.objc; path = JRForumDetialController.m; sourceTree = "<group>"; };
		C4835A761E215C9A0096CE0D /* jr_CFAttributedString.h */ = {isa = PBXFileReference; lastKnownFileType = sourcecode.c.h; path = jr_CFAttributedString.h; sourceTree = "<group>"; };
		C498687F1D92C693009223A1 /* JRThreadDetialController.h */ = {isa = PBXFileReference; fileEncoding = 4; lastKnownFileType = sourcecode.c.h; path = JRThreadDetialController.h; sourceTree = "<group>"; };
		C49868801D92C693009223A1 /* JRThreadDetialController.m */ = {isa = PBXFileReference; fileEncoding = 4; lastKnownFileType = sourcecode.c.objc; path = JRThreadDetialController.m; sourceTree = "<group>"; };
		C49868831D92C693009223A1 /* JRThreadHeader.h */ = {isa = PBXFileReference; fileEncoding = 4; lastKnownFileType = sourcecode.c.h; path = JRThreadHeader.h; sourceTree = "<group>"; };
		C49868841D92C693009223A1 /* JRThreadHeader.m */ = {isa = PBXFileReference; fileEncoding = 4; lastKnownFileType = sourcecode.c.objc; path = JRThreadHeader.m; sourceTree = "<group>"; };
		C49868871D92D679009223A1 /* JRImageView.h */ = {isa = PBXFileReference; fileEncoding = 4; lastKnownFileType = sourcecode.c.h; path = JRImageView.h; sourceTree = "<group>"; };
		C49868881D92D679009223A1 /* JRImageView.m */ = {isa = PBXFileReference; fileEncoding = 4; lastKnownFileType = sourcecode.c.objc; path = JRImageView.m; sourceTree = "<group>"; };
		C498688A1D92D69B009223A1 /* JRUserHeader.h */ = {isa = PBXFileReference; fileEncoding = 4; lastKnownFileType = sourcecode.c.h; path = JRUserHeader.h; sourceTree = "<group>"; };
		C498688B1D92D69B009223A1 /* JRUserHeader.m */ = {isa = PBXFileReference; fileEncoding = 4; lastKnownFileType = sourcecode.c.objc; path = JRUserHeader.m; sourceTree = "<group>"; };
		C4991A4F1E1D5D45004FE84A /* jr_CTFramesetter.h */ = {isa = PBXFileReference; lastKnownFileType = sourcecode.c.h; path = jr_CTFramesetter.h; sourceTree = "<group>"; };
/* End PBXFileReference section */

/* Begin PBXFrameworksBuildPhase section */
		C40D94701D7FAE0900E512ED /* Frameworks */ = {
			isa = PBXFrameworksBuildPhase;
			buildActionMask = 2147483647;
			files = (
				A38A5692A08EBBB8274388A8 /* libPods-AttributeText-Demo.a in Frameworks */,
			);
			runOnlyForDeploymentPostprocessing = 0;
		};
/* End PBXFrameworksBuildPhase section */

/* Begin PBXGroup section */
		3032F0DB1E31B6120091F0BC /* JRBaseCoreController */ = {
			isa = PBXGroup;
			children = (
				3032F0DF1E31B6EA0091F0BC /* Controllers */,
				3032F0E21E31B6EA0091F0BC /* Views */,
			);
			path = JRBaseCoreController;
			sourceTree = "<group>";
		};
		3032F0DF1E31B6EA0091F0BC /* Controllers */ = {
			isa = PBXGroup;
			children = (
				3032F0E01E31B6EA0091F0BC /* JRCoreViewController.h */,
				3032F0E11E31B6EA0091F0BC /* JRCoreViewController.m */,
			);
			path = Controllers;
			sourceTree = "<group>";
		};
		3032F0E21E31B6EA0091F0BC /* Views */ = {
			isa = PBXGroup;
			children = (
			);
			path = Views;
			sourceTree = "<group>";
		};
		305F58C91E52AFFC000E6627 /* SDWebImage */ = {
			isa = PBXGroup;
			children = (
				30A3C6681E52B3E8002424FA /* Categories */,
				30A3C6771E52B3E8002424FA /* Downloader */,
				30A3C6651E52B3E8002424FA /* Cache */,
				30A3C67C1E52B3E8002424FA /* SDWebImageCompat */,
				30A3C6801E52B3E8002424FA /* Utils */,
			);
			path = SDWebImage;
			sourceTree = "<group>";
		};
		308E873F1E51AB6300600176 /* MGSwipeTableCell */ = {
			isa = PBXGroup;
			children = (
				308E87411E51AB6300600176 /* MGSwipeButton.h */,
				308E87421E51AB6300600176 /* MGSwipeButton.m */,
				308E87431E51AB6300600176 /* MGSwipeTableCell.h */,
				308E87441E51AB6300600176 /* MGSwipeTableCell.m */,
			);
			path = MGSwipeTableCell;
			sourceTree = "<group>";
		};
		30A3C6651E52B3E8002424FA /* Cache */ = {
			isa = PBXGroup;
			children = (
				30A3C6661E52B3E8002424FA /* SDImageCache.h */,
				30A3C6671E52B3E8002424FA /* SDImageCache.m */,
			);
			path = Cache;
			sourceTree = "<group>";
		};
		30A3C6681E52B3E8002424FA /* Categories */ = {
			isa = PBXGroup;
			children = (
				30A3C6691E52B3E8002424FA /* NSData+ImageContentType.h */,
				30A3C66A1E52B3E8002424FA /* NSData+ImageContentType.m */,
				30A3C66B1E52B3E8002424FA /* UIButton+WebCache.h */,
				30A3C66C1E52B3E8002424FA /* UIButton+WebCache.m */,
				30A3C66D1E52B3E8002424FA /* UIImage+GIF.h */,
				30A3C66E1E52B3E8002424FA /* UIImage+GIF.m */,
				30A3C66F1E52B3E8002424FA /* UIImage+MultiFormat.h */,
				30A3C6701E52B3E8002424FA /* UIImage+MultiFormat.m */,
				30A3C6711E52B3E8002424FA /* UIImageView+HighlightedWebCache.h */,
				30A3C6721E52B3E8002424FA /* UIImageView+HighlightedWebCache.m */,
				30A3C6731E52B3E8002424FA /* UIImageView+WebCache.h */,
				30A3C6741E52B3E8002424FA /* UIImageView+WebCache.m */,
				30A3C6751E52B3E8002424FA /* UIView+WebCacheOperation.h */,
				30A3C6761E52B3E8002424FA /* UIView+WebCacheOperation.m */,
			);
			path = Categories;
			sourceTree = "<group>";
		};
		30A3C6771E52B3E8002424FA /* Downloader */ = {
			isa = PBXGroup;
			children = (
				30A3C6781E52B3E8002424FA /* SDWebImageDownloader.h */,
				30A3C6791E52B3E8002424FA /* SDWebImageDownloader.m */,
				30A3C67A1E52B3E8002424FA /* SDWebImageDownloaderOperation.h */,
				30A3C67B1E52B3E8002424FA /* SDWebImageDownloaderOperation.m */,
			);
			path = Downloader;
			sourceTree = "<group>";
		};
		30A3C67C1E52B3E8002424FA /* SDWebImageCompat */ = {
			isa = PBXGroup;
			children = (
				30A3C67D1E52B3E8002424FA /* SDWebImageCompat.h */,
				30A3C67E1E52B3E8002424FA /* SDWebImageCompat.m */,
				30A3C67F1E52B3E8002424FA /* SDWebImageOperation.h */,
			);
			path = SDWebImageCompat;
			sourceTree = "<group>";
		};
		30A3C6801E52B3E8002424FA /* Utils */ = {
			isa = PBXGroup;
			children = (
				30A3C6811E52B3E8002424FA /* SDWebImageDecoder.h */,
				30A3C6821E52B3E8002424FA /* SDWebImageDecoder.m */,
				30A3C6831E52B3E8002424FA /* SDWebImageManager.h */,
				30A3C6841E52B3E8002424FA /* SDWebImageManager.m */,
				30A3C6851E52B3E8002424FA /* SDWebImagePrefetcher.h */,
				30A3C6861E52B3E8002424FA /* SDWebImagePrefetcher.m */,
			);
			path = Utils;
			sourceTree = "<group>";
		};
		30ADD4841E4D4EEC001012E5 /* FrameWorks */ = {
			isa = PBXGroup;
			children = (
				305F58C91E52AFFC000E6627 /* SDWebImage */,
				30ADD5B01E4D505F001012E5 /* YYText */,
				30ADD5911E4D5053001012E5 /* TYAttributedLabel */,
				30ADD58D1E4D502D001012E5 /* TTTAttributedLabel */,
				308E873F1E51AB6300600176 /* MGSwipeTableCell */,
			);
			path = FrameWorks;
			sourceTree = "<group>";
		};
		30ADD58D1E4D502D001012E5 /* TTTAttributedLabel */ = {
			isa = PBXGroup;
			children = (
				30ADD58E1E4D502D001012E5 /* TTTAttributedLabel.h */,
				30ADD58F1E4D502D001012E5 /* TTTAttributedLabel.m */,
			);
			path = TTTAttributedLabel;
			sourceTree = "<group>";
		};
		30ADD5911E4D5053001012E5 /* TYAttributedLabel */ = {
			isa = PBXGroup;
			children = (
				30ADD5921E4D5053001012E5 /* NSMutableAttributedString+TY.h */,
				30ADD5931E4D5053001012E5 /* NSMutableAttributedString+TY.m */,
				30ADD5941E4D5053001012E5 /* TYAttributedLabel.h */,
				30ADD5951E4D5053001012E5 /* TYAttributedLabel.m */,
				30ADD5961E4D5053001012E5 /* TYDrawStorage.h */,
				30ADD5971E4D5053001012E5 /* TYDrawStorage.m */,
				30ADD5981E4D5053001012E5 /* TYImageCache.h */,
				30ADD5991E4D5053001012E5 /* TYImageCache.m */,
				30ADD59A1E4D5053001012E5 /* TYImageStorage.h */,
				30ADD59B1E4D5053001012E5 /* TYImageStorage.m */,
				30ADD59C1E4D5053001012E5 /* TYLinkTextStorage.h */,
				30ADD59D1E4D5053001012E5 /* TYLinkTextStorage.m */,
				30ADD59E1E4D5053001012E5 /* TYTextContainer+Extended.m */,
				30ADD59F1E4D5053001012E5 /* TYTextContainer.h */,
				30ADD5A01E4D5053001012E5 /* TYTextContainer.m */,
				30ADD5A11E4D5053001012E5 /* TYTextStorage.h */,
				30ADD5A21E4D5053001012E5 /* TYTextStorage.m */,
				30ADD5A31E4D5053001012E5 /* TYTextStorageProtocol.h */,
				30ADD5A41E4D5053001012E5 /* TYViewStorage.h */,
				30ADD5A51E4D5053001012E5 /* TYViewStorage.m */,
			);
			path = TYAttributedLabel;
			sourceTree = "<group>";
		};
		30ADD5B01E4D505F001012E5 /* YYText */ = {
			isa = PBXGroup;
			children = (
				30ADD5B11E4D505F001012E5 /* Component */,
				30ADD5C41E4D505F001012E5 /* String */,
				30ADD5CF1E4D505F001012E5 /* Utility */,
				30ADD5E01E4D505F001012E5 /* YYLabel.h */,
				30ADD5E11E4D505F001012E5 /* YYLabel.m */,
				30ADD5E21E4D505F001012E5 /* YYText.h */,
				30ADD5E31E4D505F001012E5 /* YYTextView.h */,
				30ADD5E41E4D505F001012E5 /* YYTextView.m */,
			);
			path = YYText;
			sourceTree = "<group>";
		};
		30ADD5B11E4D505F001012E5 /* Component */ = {
			isa = PBXGroup;
			children = (
				30ADD5B21E4D505F001012E5 /* YYTextContainerView.h */,
				30ADD5B31E4D505F001012E5 /* YYTextContainerView.m */,
				30ADD5B41E4D505F001012E5 /* YYTextDebugOption.h */,
				30ADD5B51E4D505F001012E5 /* YYTextDebugOption.m */,
				30ADD5B61E4D505F001012E5 /* YYTextEffectWindow.h */,
				30ADD5B71E4D505F001012E5 /* YYTextEffectWindow.m */,
				30ADD5B81E4D505F001012E5 /* YYTextInput.h */,
				30ADD5B91E4D505F001012E5 /* YYTextInput.m */,
				30ADD5BA1E4D505F001012E5 /* YYTextKeyboardManager.h */,
				30ADD5BB1E4D505F001012E5 /* YYTextKeyboardManager.m */,
				30ADD5BC1E4D505F001012E5 /* YYTextLayout.h */,
				30ADD5BD1E4D505F001012E5 /* YYTextLayout.m */,
				30ADD5BE1E4D505F001012E5 /* YYTextLine.h */,
				30ADD5BF1E4D505F001012E5 /* YYTextLine.m */,
				30ADD5C01E4D505F001012E5 /* YYTextMagnifier.h */,
				30ADD5C11E4D505F001012E5 /* YYTextMagnifier.m */,
				30ADD5C21E4D505F001012E5 /* YYTextSelectionView.h */,
				30ADD5C31E4D505F001012E5 /* YYTextSelectionView.m */,
			);
			path = Component;
			sourceTree = "<group>";
		};
		30ADD5C41E4D505F001012E5 /* String */ = {
			isa = PBXGroup;
			children = (
				30ADD5C51E4D505F001012E5 /* YYTextArchiver.h */,
				30ADD5C61E4D505F001012E5 /* YYTextArchiver.m */,
				30ADD5C71E4D505F001012E5 /* YYTextAttribute.h */,
				30ADD5C81E4D505F001012E5 /* YYTextAttribute.m */,
				30ADD5C91E4D505F001012E5 /* YYTextParser.h */,
				30ADD5CA1E4D505F001012E5 /* YYTextParser.m */,
				30ADD5CB1E4D505F001012E5 /* YYTextRubyAnnotation.h */,
				30ADD5CC1E4D505F001012E5 /* YYTextRubyAnnotation.m */,
				30ADD5CD1E4D505F001012E5 /* YYTextRunDelegate.h */,
				30ADD5CE1E4D505F001012E5 /* YYTextRunDelegate.m */,
			);
			path = String;
			sourceTree = "<group>";
		};
		30ADD5CF1E4D505F001012E5 /* Utility */ = {
			isa = PBXGroup;
			children = (
				30ADD5D01E4D505F001012E5 /* NSAttributedString+YYText.h */,
				30ADD5D11E4D505F001012E5 /* NSAttributedString+YYText.m */,
				30ADD5D21E4D505F001012E5 /* NSParagraphStyle+YYText.h */,
				30ADD5D31E4D505F001012E5 /* NSParagraphStyle+YYText.m */,
				30ADD5D41E4D505F001012E5 /* UIPasteboard+YYText.h */,
				30ADD5D51E4D505F001012E5 /* UIPasteboard+YYText.m */,
				30ADD5D61E4D505F001012E5 /* UIView+YYText.h */,
				30ADD5D71E4D505F001012E5 /* UIView+YYText.m */,
				30ADD5D81E4D505F001012E5 /* YYTextAsyncLayer.h */,
				30ADD5D91E4D505F001012E5 /* YYTextAsyncLayer.m */,
				30ADD5DA1E4D505F001012E5 /* YYTextTransaction.h */,
				30ADD5DB1E4D505F001012E5 /* YYTextTransaction.m */,
				30ADD5DC1E4D505F001012E5 /* YYTextUtilities.h */,
				30ADD5DD1E4D505F001012E5 /* YYTextUtilities.m */,
				30ADD5DE1E4D505F001012E5 /* YYTextWeakProxy.h */,
				30ADD5DF1E4D505F001012E5 /* YYTextWeakProxy.m */,
			);
			path = Utility;
			sourceTree = "<group>";
		};
		30CD5E091E13589800E0F2E9 /* HeardFiles */ = {
			isa = PBXGroup;
			children = (
				C42E98931E16A1C8004A6159 /* CoreFoundation */,
				30CD5E0A1E13589800E0F2E9 /* CoreGraphics */,
			);
			path = HeardFiles;
			sourceTree = "<group>";
		};
		30CD5E0A1E13589800E0F2E9 /* CoreGraphics */ = {
			isa = PBXGroup;
			children = (
				30CD5E0B1E13589800E0F2E9 /* jr_CGContext.h */,
				308AC7221E137CA000B54AAE /* jr_CGAffineTransform.h */,
				C4991A4F1E1D5D45004FE84A /* jr_CTFramesetter.h */,
				C4238BD81E1DCC4200958034 /* jr_CTFrameRef.h */,
				3087D4B21E1E10F100D3CADA /* jr_CTFont.h */,
				3087D4B31E1E1C2C00D3CADA /* jr_CTStringAttributes.h */,
				3087D4B41E1E2D3B00D3CADA /* jr_CTLine.h */,
				C43741971E1FF3E700FAD830 /* jr_CTFrame.h */,
				3032F0E41E31BFB90091F0BC /* jr_CTFontManager.h */,
				30ADD5FD1E4D641E001012E5 /* jr_ CGPath.h */,
			);
			path = CoreGraphics;
			sourceTree = "<group>";
		};
		7D5D91122C51F49A0CFF4206 /* Frameworks */ = {
			isa = PBXGroup;
			children = (
				75A7D122A4ED564AF4A93467 /* libPods-AttributeText-Demo.a */,
			);
			name = Frameworks;
			sourceTree = "<group>";
		};
		C40448AA1D82653A0039A815 /* Classes */ = {
			isa = PBXGroup;
			children = (
				30ADD4841E4D4EEC001012E5 /* FrameWorks */,
				C482750D1D91748D0032EE10 /* JRTools */,
				C48275081D9172EF0032EE10 /* JRDemoClasses */,
				C40448AB1D82653A0039A815 /* JRBaseClasses */,
				C40448AC1D82653A0039A815 /* JRMainViewControllers */,
				C4478C4C1D8FC5410099EA3C /* YYTextController */,
				C43EDF721E0A862C00893611 /* JRBlurViewController */,
				C41D53B01E0D6DF600DEDFF9 /* JRCoreImageController */,
				C42600121E115C530022C4D5 /* JRCoreTextController */,
				3032F0DB1E31B6120091F0BC /* JRBaseCoreController */,
			);
			path = Classes;
			sourceTree = "<group>";
		};
		C40448AB1D82653A0039A815 /* JRBaseClasses */ = {
			isa = PBXGroup;
			children = (
				C40448AD1D82654D0039A815 /* JRBaseViewController.h */,
				C40448AE1D82654D0039A815 /* JRBaseViewController.m */,
			);
			path = JRBaseClasses;
			sourceTree = "<group>";
		};
		C40448AC1D82653A0039A815 /* JRMainViewControllers */ = {
			isa = PBXGroup;
			children = (
				C40448B01D82655A0039A815 /* MainViewController.h */,
				C40448B11D82655A0039A815 /* MainViewController.m */,
			);
			path = JRMainViewControllers;
			sourceTree = "<group>";
		};
		C40D946A1D7FAE0900E512ED = {
			isa = PBXGroup;
			children = (
				C40D94751D7FAE0900E512ED /* AttributeText-Demo */,
				C40D94741D7FAE0900E512ED /* Products */,
				C77933A76F10159743FE1244 /* Pods */,
				7D5D91122C51F49A0CFF4206 /* Frameworks */,
			);
			sourceTree = "<group>";
		};
		C40D94741D7FAE0900E512ED /* Products */ = {
			isa = PBXGroup;
			children = (
				C40D94731D7FAE0900E512ED /* AttributeText-Demo.app */,
			);
			name = Products;
			sourceTree = "<group>";
		};
		C40D94751D7FAE0900E512ED /* AttributeText-Demo */ = {
			isa = PBXGroup;
			children = (
				C40D94791D7FAE0900E512ED /* AppDelegate.h */,
				C40D947A1D7FAE0900E512ED /* AppDelegate.m */,
				C40448AA1D82653A0039A815 /* Classes */,
				C429A5761D8167BA00A430A6 /* data */,
				C40D94761D7FAE0900E512ED /* Supporting Files */,
			);
			path = "AttributeText-Demo";
			sourceTree = "<group>";
		};
		C40D94761D7FAE0900E512ED /* Supporting Files */ = {
			isa = PBXGroup;
			children = (
				C40448B31D8287330039A815 /* PrefixHeader.pch */,
				C40448B41D8287880039A815 /* FrameWorksHeader.h */,
				C40D947F1D7FAE0900E512ED /* Main.storyboard */,
				C40D94821D7FAE0900E512ED /* Assets.xcassets */,
				C40D94841D7FAE0900E512ED /* LaunchScreen.storyboard */,
				C40D94871D7FAE0900E512ED /* Info.plist */,
				C40D94771D7FAE0900E512ED /* main.m */,
			);
			name = "Supporting Files";
			sourceTree = "<group>";
		};
		C41D53B01E0D6DF600DEDFF9 /* JRCoreImageController */ = {
			isa = PBXGroup;
			children = (
				30FE49F41E15033700ED9F47 /* UIView+YYAdd.h */,
				30FE49F51E15033700ED9F47 /* UIView+YYAdd.m */,
				C41D53B41E0D768600DEDFF9 /* apple.jpg */,
				C41D53B11E0D6E1100DEDFF9 /* JRCoreImageController.h */,
				C41D53B21E0D6E1100DEDFF9 /* JRCoreImageController.m */,
			);
			path = JRCoreImageController;
			sourceTree = "<group>";
		};
		C42600121E115C530022C4D5 /* JRCoreTextController */ = {
			isa = PBXGroup;
			children = (
				30CD5E091E13589800E0F2E9 /* HeardFiles */,
				C42600191E1175500022C4D5 /* CoreTextView */,
				C42600131E115CB80022C4D5 /* JRCoreTextController.h */,
				C42600141E115CB80022C4D5 /* JRCoreTextController.m */,
				C42600161E115EBA0022C4D5 /* JRCoreTextView.h */,
				C42600171E115EBA0022C4D5 /* JRCoreTextView.m */,
				C42E98951E16A99E004A6159 /* JRCoreFoundationController.h */,
				C42E98961E16A99E004A6159 /* JRCoreFoundationController.m */,
			);
			path = JRCoreTextController;
			sourceTree = "<group>";
		};
		C42600191E1175500022C4D5 /* CoreTextView */ = {
			isa = PBXGroup;
			children = (
				C42A193D1E133E9500268F1C /* JRTranslateCTMView.h */,
				C42A193E1E133E9500268F1C /* JRTranslateCTMView.m */,
				C426001A1E1175790022C4D5 /* JRParagraphView.h */,
				C426001B1E1175790022C4D5 /* JRParagraphView.m */,
				3087D4A31E1DEBB700D3CADA /* JRSimpleTextView.h */,
				3087D4A41E1DEBB700D3CADA /* JRSimpleTextView.m */,
				3087D4A61E1DEC0100D3CADA /* JRColumnarLayoutView.h */,
				3087D4A71E1DEC0100D3CADA /* JRColumnarLayoutView.m */,
				3087D4A91E1DED3600D3CADA /* JRManualLineBreakingView.h */,
				3087D4AA1E1DED3600D3CADA /* JRManualLineBreakingView.m */,
				3087D4AC1E1DFFE000D3CADA /* JRParagraphStyleView.h */,
				3087D4AD1E1DFFE000D3CADA /* JRParagraphStyleView.m */,
				3087D4AF1E1E027B00D3CADA /* JRNonrectangularRegionView.h */,
				3087D4B01E1E027B00D3CADA /* JRNonrectangularRegionView.m */,
			);
			path = CoreTextView;
			sourceTree = "<group>";
		};
		C429A5761D8167BA00A430A6 /* data */ = {
			isa = PBXGroup;
			children = (
				C429A5771D8167BA00A430A6 /* data0.json */,
				C429A5781D8167BA00A430A6 /* data1.json */,
				C429A5791D8167BA00A430A6 /* data10.json */,
				C429A57A1D8167BA00A430A6 /* data11.json */,
				C429A57B1D8167BA00A430A6 /* data12.json */,
				C429A57C1D8167BA00A430A6 /* data13.json */,
				C429A57D1D8167BA00A430A6 /* data14.json */,
				C429A57E1D8167BA00A430A6 /* data15.json */,
				C429A57F1D8167BA00A430A6 /* data16.json */,
				C429A5801D8167BA00A430A6 /* data17.json */,
				C429A5811D8167BA00A430A6 /* data18.json */,
				C429A5821D8167BA00A430A6 /* data19.json */,
				C429A5831D8167BA00A430A6 /* data2.json */,
				C429A5841D8167BA00A430A6 /* data20.json */,
				C429A5851D8167BA00A430A6 /* data3.json */,
				C429A5861D8167BA00A430A6 /* data4.json */,
				C429A5871D8167BA00A430A6 /* data5.json */,
				C429A5881D8167BA00A430A6 /* data6.json */,
				C429A5891D8167BA00A430A6 /* data7.json */,
				C429A58A1D8167BA00A430A6 /* data8.json */,
				C429A58B1D8167BA00A430A6 /* data9.json */,
			);
			path = data;
			sourceTree = "<group>";
		};
		C42E98931E16A1C8004A6159 /* CoreFoundation */ = {
			isa = PBXGroup;
			children = (
				C42E98941E16A45C004A6159 /* jr_CFString.h */,
				C42668FD1E17509D00D945B3 /* jr_CFDictionary.h */,
				C4835A761E215C9A0096CE0D /* jr_CFAttributedString.h */,
			);
			path = CoreFoundation;
			sourceTree = "<group>";
		};
		C43EDF721E0A862C00893611 /* JRBlurViewController */ = {
			isa = PBXGroup;
			children = (
				C43EDF731E0A863A00893611 /* JRBlurViewController.h */,
				C43EDF741E0A863A00893611 /* JRBlurViewController.m */,
			);
			path = JRBlurViewController;
			sourceTree = "<group>";
		};
		C4478C4C1D8FC5410099EA3C /* YYTextController */ = {
			isa = PBXGroup;
			children = (
				C4478C4D1D8FC57A0099EA3C /* JRYYTextViewController.h */,
				C4478C4E1D8FC57A0099EA3C /* JRYYTextViewController.m */,
				C400712D1D901ED100220BB9 /* TextViewController.h */,
				C400712E1D901ED100220BB9 /* TextViewController.m */,
				304288C21E08D987004BDE4A /* JRTextViewViewController.h */,
				304288C31E08D987004BDE4A /* JRTextViewViewController.m */,
				309CCFE01E08FDE000B23A4D /* NSAttributedString.h */,
			);
			path = YYTextController;
			sourceTree = "<group>";
		};
		C48275081D9172EF0032EE10 /* JRDemoClasses */ = {
			isa = PBXGroup;
			children = (
				C48275541D9187CE0032EE10 /* ZHBaseView */,
				C482755E1D919EFC0032EE10 /* ZHForumContoller */,
				C48275611D919EFC0032EE10 /* ZHThreadController */,
			);
			path = JRDemoClasses;
			sourceTree = "<group>";
		};
		C482750D1D91748D0032EE10 /* JRTools */ = {
			isa = PBXGroup;
			children = (
				C48275111D9174F40032EE10 /* JRExtension */,
			);
			path = JRTools;
			sourceTree = "<group>";
		};
		C48275111D9174F40032EE10 /* JRExtension */ = {
			isa = PBXGroup;
			children = (
				C48275121D9174F40032EE10 /* UIColor+JRExtension.h */,
				C48275131D9174F40032EE10 /* UIColor+JRExtension.m */,
				304288C51E08DCA2004BDE4A /* NSAttributedString+JRExtension.h */,
				304288C61E08DCA2004BDE4A /* NSAttributedString+JRExtension.m */,
			);
			path = JRExtension;
			sourceTree = "<group>";
		};
		C48275541D9187CE0032EE10 /* ZHBaseView */ = {
			isa = PBXGroup;
			children = (
				C48275551D9187DF0032EE10 /* JRViewController.h */,
				C48275561D9187DF0032EE10 /* JRViewController.m */,
				C48275581D91947B0032EE10 /* JRButton.h */,
				C48275591D91947B0032EE10 /* JRButton.m */,
				C49868871D92D679009223A1 /* JRImageView.h */,
				C49868881D92D679009223A1 /* JRImageView.m */,
			);
			path = ZHBaseView;
			sourceTree = "<group>";
		};
		C482755E1D919EFC0032EE10 /* ZHForumContoller */ = {
			isa = PBXGroup;
			children = (
				C482755F1D919EFC0032EE10 /* JRForumDetialController.h */,
				C48275601D919EFC0032EE10 /* JRForumDetialController.m */,
			);
			path = ZHForumContoller;
			sourceTree = "<group>";
		};
		C48275611D919EFC0032EE10 /* ZHThreadController */ = {
			isa = PBXGroup;
			children = (
				C498687E1D92C693009223A1 /* Controllers */,
				C49868811D92C693009223A1 /* Models */,
				C49868821D92C693009223A1 /* Views */,
			);
			path = ZHThreadController;
			sourceTree = "<group>";
		};
		C498687E1D92C693009223A1 /* Controllers */ = {
			isa = PBXGroup;
			children = (
				C498687F1D92C693009223A1 /* JRThreadDetialController.h */,
				C49868801D92C693009223A1 /* JRThreadDetialController.m */,
			);
			path = Controllers;
			sourceTree = "<group>";
		};
		C49868811D92C693009223A1 /* Models */ = {
			isa = PBXGroup;
			children = (
				C4064EF61D940EE100B197A7 /* JRThreadModel.h */,
				C4064EF71D940EE100B197A7 /* JRThreadModel.m */,
			);
			path = Models;
			sourceTree = "<group>";
		};
		C49868821D92C693009223A1 /* Views */ = {
			isa = PBXGroup;
			children = (
				C49868831D92C693009223A1 /* JRThreadHeader.h */,
				C49868841D92C693009223A1 /* JRThreadHeader.m */,
				C498688A1D92D69B009223A1 /* JRUserHeader.h */,
				C498688B1D92D69B009223A1 /* JRUserHeader.m */,
			);
			path = Views;
			sourceTree = "<group>";
		};
		C77933A76F10159743FE1244 /* Pods */ = {
			isa = PBXGroup;
			children = (
				248AB9E1F2719219C53583A9 /* Pods-AttributeText-Demo.debug.xcconfig */,
				519580AAE907D9DADAD16CB2 /* Pods-AttributeText-Demo.release.xcconfig */,
			);
			name = Pods;
			sourceTree = "<group>";
		};
/* End PBXGroup section */

/* Begin PBXNativeTarget section */
		C40D94721D7FAE0900E512ED /* AttributeText-Demo */ = {
			isa = PBXNativeTarget;
			buildConfigurationList = C40D948A1D7FAE0900E512ED /* Build configuration list for PBXNativeTarget "AttributeText-Demo" */;
			buildPhases = (
				7B58C454F4E3D21771DCA1EE /* [CP] Check Pods Manifest.lock */,
				C40D946F1D7FAE0900E512ED /* Sources */,
				C40D94701D7FAE0900E512ED /* Frameworks */,
				C40D94711D7FAE0900E512ED /* Resources */,
				2B297B9392B3BFF2AD4292BD /* [CP] Embed Pods Frameworks */,
				F89EB43C96A285A938FEA463 /* [CP] Copy Pods Resources */,
			);
			buildRules = (
			);
			dependencies = (
			);
			name = "AttributeText-Demo";
			productName = "AttributeText-Demo";
			productReference = C40D94731D7FAE0900E512ED /* AttributeText-Demo.app */;
			productType = "com.apple.product-type.application";
		};
/* End PBXNativeTarget section */

/* Begin PBXProject section */
		C40D946B1D7FAE0900E512ED /* Project object */ = {
			isa = PBXProject;
			attributes = {
				CLASSPREFIX = JR;
				LastUpgradeCheck = 0730;
				ORGANIZATIONNAME = "王潇";
				TargetAttributes = {
					C40D94721D7FAE0900E512ED = {
						CreatedOnToolsVersion = 7.3.1;
						DevelopmentTeam = 58VU78V7N6;
					};
				};
			};
			buildConfigurationList = C40D946E1D7FAE0900E512ED /* Build configuration list for PBXProject "AttributeText-Demo" */;
			compatibilityVersion = "Xcode 3.2";
			developmentRegion = English;
			hasScannedForEncodings = 0;
			knownRegions = (
				en,
				Base,
			);
			mainGroup = C40D946A1D7FAE0900E512ED;
			productRefGroup = C40D94741D7FAE0900E512ED /* Products */;
			projectDirPath = "";
			projectRoot = "";
			targets = (
				C40D94721D7FAE0900E512ED /* AttributeText-Demo */,
			);
		};
/* End PBXProject section */

/* Begin PBXResourcesBuildPhase section */
		C40D94711D7FAE0900E512ED /* Resources */ = {
			isa = PBXResourcesBuildPhase;
			buildActionMask = 2147483647;
			files = (
				C429A5901D8167BA00A430A6 /* data12.json in Resources */,
				C429A5991D8167BA00A430A6 /* data20.json in Resources */,
				C429A58C1D8167BA00A430A6 /* data0.json in Resources */,
				C429A5931D8167BA00A430A6 /* data15.json in Resources */,
				C41D53B51E0D768600DEDFF9 /* apple.jpg in Resources */,
				C429A5921D8167BA00A430A6 /* data14.json in Resources */,
				C429A5941D8167BA00A430A6 /* data16.json in Resources */,
				C40D94861D7FAE0900E512ED /* LaunchScreen.storyboard in Resources */,
				C429A59A1D8167BA00A430A6 /* data3.json in Resources */,
				C429A5961D8167BA00A430A6 /* data18.json in Resources */,
				C429A5971D8167BA00A430A6 /* data19.json in Resources */,
				C429A59F1D8167BA00A430A6 /* data8.json in Resources */,
				C40D94831D7FAE0900E512ED /* Assets.xcassets in Resources */,
				C429A58D1D8167BA00A430A6 /* data1.json in Resources */,
				C429A5A01D8167BA00A430A6 /* data9.json in Resources */,
				C429A58E1D8167BA00A430A6 /* data10.json in Resources */,
				C429A59C1D8167BA00A430A6 /* data5.json in Resources */,
				C40D94811D7FAE0900E512ED /* Main.storyboard in Resources */,
				C429A5911D8167BA00A430A6 /* data13.json in Resources */,
				C429A59D1D8167BA00A430A6 /* data6.json in Resources */,
				C429A59E1D8167BA00A430A6 /* data7.json in Resources */,
				C429A5951D8167BA00A430A6 /* data17.json in Resources */,
				C429A5981D8167BA00A430A6 /* data2.json in Resources */,
				C429A59B1D8167BA00A430A6 /* data4.json in Resources */,
				C429A58F1D8167BA00A430A6 /* data11.json in Resources */,
			);
			runOnlyForDeploymentPostprocessing = 0;
		};
/* End PBXResourcesBuildPhase section */

/* Begin PBXShellScriptBuildPhase section */
		2B297B9392B3BFF2AD4292BD /* [CP] Embed Pods Frameworks */ = {
			isa = PBXShellScriptBuildPhase;
			buildActionMask = 2147483647;
			files = (
			);
			inputPaths = (
			);
			name = "[CP] Embed Pods Frameworks";
			outputPaths = (
			);
			runOnlyForDeploymentPostprocessing = 0;
			shellPath = /bin/sh;
			shellScript = "\"${SRCROOT}/Pods/Target Support Files/Pods-AttributeText-Demo/Pods-AttributeText-Demo-frameworks.sh\"\n";
			showEnvVarsInLog = 0;
		};
		7B58C454F4E3D21771DCA1EE /* [CP] Check Pods Manifest.lock */ = {
			isa = PBXShellScriptBuildPhase;
			buildActionMask = 2147483647;
			files = (
			);
			inputPaths = (
			);
			name = "[CP] Check Pods Manifest.lock";
			outputPaths = (
			);
			runOnlyForDeploymentPostprocessing = 0;
			shellPath = /bin/sh;
			shellScript = "diff \"${PODS_ROOT}/../Podfile.lock\" \"${PODS_ROOT}/Manifest.lock\" > /dev/null\nif [ $? != 0 ] ; then\n    # print error to STDERR\n    echo \"error: The sandbox is not in sync with the Podfile.lock. Run 'pod install' or update your CocoaPods installation.\" >&2\n    exit 1\nfi\n";
			showEnvVarsInLog = 0;
		};
		F89EB43C96A285A938FEA463 /* [CP] Copy Pods Resources */ = {
			isa = PBXShellScriptBuildPhase;
			buildActionMask = 2147483647;
			files = (
			);
			inputPaths = (
			);
			name = "[CP] Copy Pods Resources";
			outputPaths = (
			);
			runOnlyForDeploymentPostprocessing = 0;
			shellPath = /bin/sh;
			shellScript = "\"${SRCROOT}/Pods/Target Support Files/Pods-AttributeText-Demo/Pods-AttributeText-Demo-resources.sh\"\n";
			showEnvVarsInLog = 0;
		};
/* End PBXShellScriptBuildPhase section */

/* Begin PBXSourcesBuildPhase section */
		C40D946F1D7FAE0900E512ED /* Sources */ = {
			isa = PBXSourcesBuildPhase;
			buildActionMask = 2147483647;
			files = (
				304288C41E08D987004BDE4A /* JRTextViewViewController.m in Sources */,
				30ADD5E81E4D505F001012E5 /* YYTextInput.m in Sources */,
				30ADD5F41E4D5060001012E5 /* NSParagraphStyle+YYText.m in Sources */,
				30ADD5AD1E4D5053001012E5 /* TYTextContainer.m in Sources */,
				3087D4A51E1DEBB700D3CADA /* JRSimpleTextView.m in Sources */,
				C49868851D92C693009223A1 /* JRThreadDetialController.m in Sources */,
				30ADD5F91E4D5060001012E5 /* YYTextUtilities.m in Sources */,
				C4478C4F1D8FC57A0099EA3C /* JRYYTextViewController.m in Sources */,
				C426001C1E1175790022C4D5 /* JRParagraphView.m in Sources */,
				30ADD5901E4D502D001012E5 /* TTTAttributedLabel.m in Sources */,
				3087D4AB1E1DED3600D3CADA /* JRManualLineBreakingView.m in Sources */,
				C42600181E115EBA0022C4D5 /* JRCoreTextView.m in Sources */,
				30A3C6921E52B3E8002424FA /* SDWebImageDecoder.m in Sources */,
				30ADD5F51E4D5060001012E5 /* UIPasteboard+YYText.m in Sources */,
				C41D53B31E0D6E1100DEDFF9 /* JRCoreImageController.m in Sources */,
				30ADD5F61E4D5060001012E5 /* UIView+YYText.m in Sources */,
				3087D4A81E1DEC0100D3CADA /* JRColumnarLayoutView.m in Sources */,
				C42E98971E16A99E004A6159 /* JRCoreFoundationController.m in Sources */,
				30A3C68B1E52B3E8002424FA /* UIImage+MultiFormat.m in Sources */,
				30ADD5AB1E4D5053001012E5 /* TYLinkTextStorage.m in Sources */,
				30A3C68A1E52B3E8002424FA /* UIImage+GIF.m in Sources */,
				30ADD5EE1E4D5060001012E5 /* YYTextArchiver.m in Sources */,
				30ADD5FC1E4D5060001012E5 /* YYTextView.m in Sources */,
				30ADD5EB1E4D505F001012E5 /* YYTextLine.m in Sources */,
				30ADD5E91E4D505F001012E5 /* YYTextKeyboardManager.m in Sources */,
				30A3C68E1E52B3E8002424FA /* UIView+WebCacheOperation.m in Sources */,
				30ADD5ED1E4D505F001012E5 /* YYTextSelectionView.m in Sources */,
				3032F0E31E31B6EA0091F0BC /* JRCoreViewController.m in Sources */,
				30ADD5F01E4D5060001012E5 /* YYTextParser.m in Sources */,
				30A3C6871E52B3E8002424FA /* SDImageCache.m in Sources */,
				C48275141D9174F40032EE10 /* UIColor+JRExtension.m in Sources */,
				30ADD5F21E4D5060001012E5 /* YYTextRunDelegate.m in Sources */,
				30ADD5EF1E4D5060001012E5 /* YYTextAttribute.m in Sources */,
				30ADD5A71E4D5053001012E5 /* TYAttributedLabel.m in Sources */,
				30A3C68D1E52B3E8002424FA /* UIImageView+WebCache.m in Sources */,
				30ADD5FB1E4D5060001012E5 /* YYLabel.m in Sources */,
				30ADD5F81E4D5060001012E5 /* YYTextTransaction.m in Sources */,
				C48275641D919EFC0032EE10 /* JRForumDetialController.m in Sources */,
				30ADD5AF1E4D5053001012E5 /* TYViewStorage.m in Sources */,
				30FE49F61E15033700ED9F47 /* UIView+YYAdd.m in Sources */,
				3087D4AE1E1DFFE000D3CADA /* JRParagraphStyleView.m in Sources */,
				30ADD5E71E4D505F001012E5 /* YYTextEffectWindow.m in Sources */,
				30ADD5AA1E4D5053001012E5 /* TYImageStorage.m in Sources */,
				30ADD5A61E4D5053001012E5 /* NSMutableAttributedString+TY.m in Sources */,
				30ADD5F71E4D5060001012E5 /* YYTextAsyncLayer.m in Sources */,
				C49868861D92C693009223A1 /* JRThreadHeader.m in Sources */,
				C40448AF1D82654D0039A815 /* JRBaseViewController.m in Sources */,
				C43EDF751E0A863A00893611 /* JRBlurViewController.m in Sources */,
				30A3C68F1E52B3E8002424FA /* SDWebImageDownloader.m in Sources */,
				C482755A1D91947B0032EE10 /* JRButton.m in Sources */,
				30ADD5E51E4D505F001012E5 /* YYTextContainerView.m in Sources */,
				30A3C6941E52B3E8002424FA /* SDWebImagePrefetcher.m in Sources */,
				30ADD5EA1E4D505F001012E5 /* YYTextLayout.m in Sources */,
				30ADD5F31E4D5060001012E5 /* NSAttributedString+YYText.m in Sources */,
				C4064EF81D940EE100B197A7 /* JRThreadModel.m in Sources */,
				30A3C68C1E52B3E8002424FA /* UIImageView+HighlightedWebCache.m in Sources */,
				30A3C6901E52B3E8002424FA /* SDWebImageDownloaderOperation.m in Sources */,
				30A3C6891E52B3E8002424FA /* UIButton+WebCache.m in Sources */,
				30A3C6911E52B3E8002424FA /* SDWebImageCompat.m in Sources */,
				30ADD5FA1E4D5060001012E5 /* YYTextWeakProxy.m in Sources */,
				30ADD5A81E4D5053001012E5 /* TYDrawStorage.m in Sources */,
				308E87471E51AB6300600176 /* MGSwipeTableCell.m in Sources */,
				C42600151E115CB80022C4D5 /* JRCoreTextController.m in Sources */,
				30ADD5A91E4D5053001012E5 /* TYImageCache.m in Sources */,
				30ADD5AE1E4D5053001012E5 /* TYTextStorage.m in Sources */,
				30ADD5EC1E4D505F001012E5 /* YYTextMagnifier.m in Sources */,
				304288C71E08DCA2004BDE4A /* NSAttributedString+JRExtension.m in Sources */,
				30A3C6931E52B3E8002424FA /* SDWebImageManager.m in Sources */,
				C42A193F1E133E9500268F1C /* JRTranslateCTMView.m in Sources */,
				C48275571D9187DF0032EE10 /* JRViewController.m in Sources */,
				30ADD5AC1E4D5053001012E5 /* TYTextContainer+Extended.m in Sources */,
				3087D4B11E1E027B00D3CADA /* JRNonrectangularRegionView.m in Sources */,
				30A3C6881E52B3E8002424FA /* NSData+ImageContentType.m in Sources */,
				308E87461E51AB6300600176 /* MGSwipeButton.m in Sources */,
				C40D947B1D7FAE0900E512ED /* AppDelegate.m in Sources */,
				C49868891D92D679009223A1 /* JRImageView.m in Sources */,
				C400712F1D901ED100220BB9 /* TextViewController.m in Sources */,
				C498688C1D92D69B009223A1 /* JRUserHeader.m in Sources */,
				30ADD5E61E4D505F001012E5 /* YYTextDebugOption.m in Sources */,
				C40D94781D7FAE0900E512ED /* main.m in Sources */,
				C40448B21D82655A0039A815 /* MainViewController.m in Sources */,
				30ADD5F11E4D5060001012E5 /* YYTextRubyAnnotation.m in Sources */,
			);
			runOnlyForDeploymentPostprocessing = 0;
		};
/* End PBXSourcesBuildPhase section */

/* Begin PBXVariantGroup section */
		C40D947F1D7FAE0900E512ED /* Main.storyboard */ = {
			isa = PBXVariantGroup;
			children = (
				C40D94801D7FAE0900E512ED /* Base */,
			);
			name = Main.storyboard;
			sourceTree = "<group>";
		};
		C40D94841D7FAE0900E512ED /* LaunchScreen.storyboard */ = {
			isa = PBXVariantGroup;
			children = (
				C40D94851D7FAE0900E512ED /* Base */,
			);
			name = LaunchScreen.storyboard;
			sourceTree = "<group>";
		};
/* End PBXVariantGroup section */

/* Begin XCBuildConfiguration section */
		C40D94881D7FAE0900E512ED /* Debug */ = {
			isa = XCBuildConfiguration;
			buildSettings = {
				ALWAYS_SEARCH_USER_PATHS = NO;
				CLANG_ANALYZER_NONNULL = YES;
				CLANG_CXX_LANGUAGE_STANDARD = "gnu++0x";
				CLANG_CXX_LIBRARY = "libc++";
				CLANG_ENABLE_MODULES = YES;
				CLANG_ENABLE_OBJC_ARC = YES;
				CLANG_WARN_BOOL_CONVERSION = YES;
				CLANG_WARN_CONSTANT_CONVERSION = YES;
				CLANG_WARN_DIRECT_OBJC_ISA_USAGE = YES_ERROR;
				CLANG_WARN_EMPTY_BODY = YES;
				CLANG_WARN_ENUM_CONVERSION = YES;
				CLANG_WARN_INT_CONVERSION = YES;
				CLANG_WARN_OBJC_ROOT_CLASS = YES_ERROR;
				CLANG_WARN_UNREACHABLE_CODE = YES;
				CLANG_WARN__DUPLICATE_METHOD_MATCH = YES;
				"CODE_SIGN_IDENTITY[sdk=iphoneos*]" = "iPhone Developer";
				COPY_PHASE_STRIP = NO;
				DEBUG_INFORMATION_FORMAT = dwarf;
				ENABLE_STRICT_OBJC_MSGSEND = YES;
				ENABLE_TESTABILITY = YES;
				GCC_C_LANGUAGE_STANDARD = gnu99;
				GCC_DYNAMIC_NO_PIC = NO;
				GCC_NO_COMMON_BLOCKS = YES;
				GCC_OPTIMIZATION_LEVEL = 0;
				GCC_PREPROCESSOR_DEFINITIONS = (
					"DEBUG=1",
					"$(inherited)",
				);
				GCC_WARN_64_TO_32_BIT_CONVERSION = YES;
				GCC_WARN_ABOUT_RETURN_TYPE = YES_ERROR;
				GCC_WARN_UNDECLARED_SELECTOR = YES;
				GCC_WARN_UNINITIALIZED_AUTOS = YES_AGGRESSIVE;
				GCC_WARN_UNUSED_FUNCTION = YES;
				GCC_WARN_UNUSED_VARIABLE = YES;
				IPHONEOS_DEPLOYMENT_TARGET = 9.3;
				MTL_ENABLE_DEBUG_INFO = YES;
				ONLY_ACTIVE_ARCH = YES;
				SDKROOT = iphoneos;
				TARGETED_DEVICE_FAMILY = "1,2";
			};
			name = Debug;
		};
		C40D94891D7FAE0900E512ED /* Release */ = {
			isa = XCBuildConfiguration;
			buildSettings = {
				ALWAYS_SEARCH_USER_PATHS = NO;
				CLANG_ANALYZER_NONNULL = YES;
				CLANG_CXX_LANGUAGE_STANDARD = "gnu++0x";
				CLANG_CXX_LIBRARY = "libc++";
				CLANG_ENABLE_MODULES = YES;
				CLANG_ENABLE_OBJC_ARC = YES;
				CLANG_WARN_BOOL_CONVERSION = YES;
				CLANG_WARN_CONSTANT_CONVERSION = YES;
				CLANG_WARN_DIRECT_OBJC_ISA_USAGE = YES_ERROR;
				CLANG_WARN_EMPTY_BODY = YES;
				CLANG_WARN_ENUM_CONVERSION = YES;
				CLANG_WARN_INT_CONVERSION = YES;
				CLANG_WARN_OBJC_ROOT_CLASS = YES_ERROR;
				CLANG_WARN_UNREACHABLE_CODE = YES;
				CLANG_WARN__DUPLICATE_METHOD_MATCH = YES;
				"CODE_SIGN_IDENTITY[sdk=iphoneos*]" = "iPhone Developer";
				COPY_PHASE_STRIP = NO;
				DEBUG_INFORMATION_FORMAT = "dwarf-with-dsym";
				ENABLE_NS_ASSERTIONS = NO;
				ENABLE_STRICT_OBJC_MSGSEND = YES;
				GCC_C_LANGUAGE_STANDARD = gnu99;
				GCC_NO_COMMON_BLOCKS = YES;
				GCC_WARN_64_TO_32_BIT_CONVERSION = YES;
				GCC_WARN_ABOUT_RETURN_TYPE = YES_ERROR;
				GCC_WARN_UNDECLARED_SELECTOR = YES;
				GCC_WARN_UNINITIALIZED_AUTOS = YES_AGGRESSIVE;
				GCC_WARN_UNUSED_FUNCTION = YES;
				GCC_WARN_UNUSED_VARIABLE = YES;
				IPHONEOS_DEPLOYMENT_TARGET = 9.3;
				MTL_ENABLE_DEBUG_INFO = NO;
				SDKROOT = iphoneos;
				TARGETED_DEVICE_FAMILY = "1,2";
				VALIDATE_PRODUCT = YES;
			};
			name = Release;
		};
		C40D948B1D7FAE0900E512ED /* Debug */ = {
			isa = XCBuildConfiguration;
			baseConfigurationReference = 248AB9E1F2719219C53583A9 /* Pods-AttributeText-Demo.debug.xcconfig */;
			buildSettings = {
				ASSETCATALOG_COMPILER_APPICON_NAME = AppIcon;
				DEVELOPMENT_TEAM = 58VU78V7N6;
				GCC_PREFIX_HEADER = "AttributeText-Demo/PrefixHeader.pch";
				INFOPLIST_FILE = "AttributeText-Demo/Info.plist";
				IPHONEOS_DEPLOYMENT_TARGET = 8.0;
				LD_RUNPATH_SEARCH_PATHS = "$(inherited) @executable_path/Frameworks";
				PRODUCT_BUNDLE_IDENTIFIER = com.youranmuye2;
				PRODUCT_NAME = "$(TARGET_NAME)";
			};
			name = Debug;
		};
		C40D948C1D7FAE0900E512ED /* Release */ = {
			isa = XCBuildConfiguration;
			baseConfigurationReference = 519580AAE907D9DADAD16CB2 /* Pods-AttributeText-Demo.release.xcconfig */;
			buildSettings = {
				ASSETCATALOG_COMPILER_APPICON_NAME = AppIcon;
				DEVELOPMENT_TEAM = 58VU78V7N6;
				GCC_PREFIX_HEADER = "AttributeText-Demo/PrefixHeader.pch";
				INFOPLIST_FILE = "AttributeText-Demo/Info.plist";
				IPHONEOS_DEPLOYMENT_TARGET = 8.0;
				LD_RUNPATH_SEARCH_PATHS = "$(inherited) @executable_path/Frameworks";
				PRODUCT_BUNDLE_IDENTIFIER = com.youranmuye2;
				PRODUCT_NAME = "$(TARGET_NAME)";
			};
			name = Release;
		};
/* End XCBuildConfiguration section */

/* Begin XCConfigurationList section */
		C40D946E1D7FAE0900E512ED /* Build configuration list for PBXProject "AttributeText-Demo" */ = {
			isa = XCConfigurationList;
			buildConfigurations = (
				C40D94881D7FAE0900E512ED /* Debug */,
				C40D94891D7FAE0900E512ED /* Release */,
			);
			defaultConfigurationIsVisible = 0;
			defaultConfigurationName = Release;
		};
		C40D948A1D7FAE0900E512ED /* Build configuration list for PBXNativeTarget "AttributeText-Demo" */ = {
			isa = XCConfigurationList;
			buildConfigurations = (
				C40D948B1D7FAE0900E512ED /* Debug */,
				C40D948C1D7FAE0900E512ED /* Release */,
			);
			defaultConfigurationIsVisible = 0;
			defaultConfigurationName = Release;
		};
/* End XCConfigurationList section */
	};
	rootObject = C40D946B1D7FAE0900E512ED /* Project object */;
}
