// !$*UTF8*$!
{
	archiveVersion = 1;
	classes = {
	};
	objectVersion = 46;
	objects = {

/* Begin PBXBuildFile section */
		304288C41E08D987004BDE4A /* JRTextViewViewController.m in Sources */ = {isa = PBXBuildFile; fileRef = 304288C31E08D987004BDE4A /* JRTextViewViewController.m */; };
		304288C71E08DCA2004BDE4A /* NSAttributedString+JRExtension.m in Sources */ = {isa = PBXBuildFile; fileRef = 304288C61E08DCA2004BDE4A /* NSAttributedString+JRExtension.m */; };
		A38A5692A08EBBB8274388A8 /* libPods-AttributeText-Demo.a in Frameworks */ = {isa = PBXBuildFile; fileRef = 75A7D122A4ED564AF4A93467 /* libPods-AttributeText-Demo.a */; };
		C400712F1D901ED100220BB9 /* TextViewController.m in Sources */ = {isa = PBXBuildFile; fileRef = C400712E1D901ED100220BB9 /* TextViewController.m */; };
		C40448AF1D82654D0039A815 /* JRBaseViewController.m in Sources */ = {isa = PBXBuildFile; fileRef = C40448AE1D82654D0039A815 /* JRBaseViewController.m */; };
		C40448B21D82655A0039A815 /* MainViewController.m in Sources */ = {isa = PBXBuildFile; fileRef = C40448B11D82655A0039A815 /* MainViewController.m */; };
		C4064EF81D940EE100B197A7 /* JRThreadModel.m in Sources */ = {isa = PBXBuildFile; fileRef = C4064EF71D940EE100B197A7 /* JRThreadModel.m */; };
		C40D94781D7FAE0900E512ED /* main.m in Sources */ = {isa = PBXBuildFile; fileRef = C40D94771D7FAE0900E512ED /* main.m */; };
		C40D947B1D7FAE0900E512ED /* AppDelegate.m in Sources */ = {isa = PBXBuildFile; fileRef = C40D947A1D7FAE0900E512ED /* AppDelegate.m */; };
		C40D94811D7FAE0900E512ED /* Main.storyboard in Resources */ = {isa = PBXBuildFile; fileRef = C40D947F1D7FAE0900E512ED /* Main.storyboard */; };
		C40D94831D7FAE0900E512ED /* Assets.xcassets in Resources */ = {isa = PBXBuildFile; fileRef = C40D94821D7FAE0900E512ED /* Assets.xcassets */; };
		C40D94861D7FAE0900E512ED /* LaunchScreen.storyboard in Resources */ = {isa = PBXBuildFile; fileRef = C40D94841D7FAE0900E512ED /* LaunchScreen.storyboard */; };
		C41D53B31E0D6E1100DEDFF9 /* JRCoreImageController.m in Sources */ = {isa = PBXBuildFile; fileRef = C41D53B21E0D6E1100DEDFF9 /* JRCoreImageController.m */; };
		C41D53B51E0D768600DEDFF9 /* apple.jpg in Resources */ = {isa = PBXBuildFile; fileRef = C41D53B41E0D768600DEDFF9 /* apple.jpg */; };
		C429A58C1D8167BA00A430A6 /* data0.json in Resources */ = {isa = PBXBuildFile; fileRef = C429A5771D8167BA00A430A6 /* data0.json */; };
		C429A58D1D8167BA00A430A6 /* data1.json in Resources */ = {isa = PBXBuildFile; fileRef = C429A5781D8167BA00A430A6 /* data1.json */; };
		C429A58E1D8167BA00A430A6 /* data10.json in Resources */ = {isa = PBXBuildFile; fileRef = C429A5791D8167BA00A430A6 /* data10.json */; };
		C429A58F1D8167BA00A430A6 /* data11.json in Resources */ = {isa = PBXBuildFile; fileRef = C429A57A1D8167BA00A430A6 /* data11.json */; };
		C429A5901D8167BA00A430A6 /* data12.json in Resources */ = {isa = PBXBuildFile; fileRef = C429A57B1D8167BA00A430A6 /* data12.json */; };
		C429A5911D8167BA00A430A6 /* data13.json in Resources */ = {isa = PBXBuildFile; fileRef = C429A57C1D8167BA00A430A6 /* data13.json */; };
		C429A5921D8167BA00A430A6 /* data14.json in Resources */ = {isa = PBXBuildFile; fileRef = C429A57D1D8167BA00A430A6 /* data14.json */; };
		C429A5931D8167BA00A430A6 /* data15.json in Resources */ = {isa = PBXBuildFile; fileRef = C429A57E1D8167BA00A430A6 /* data15.json */; };
		C429A5941D8167BA00A430A6 /* data16.json in Resources */ = {isa = PBXBuildFile; fileRef = C429A57F1D8167BA00A430A6 /* data16.json */; };
		C429A5951D8167BA00A430A6 /* data17.json in Resources */ = {isa = PBXBuildFile; fileRef = C429A5801D8167BA00A430A6 /* data17.json */; };
		C429A5961D8167BA00A430A6 /* data18.json in Resources */ = {isa = PBXBuildFile; fileRef = C429A5811D8167BA00A430A6 /* data18.json */; };
		C429A5971D8167BA00A430A6 /* data19.json in Resources */ = {isa = PBXBuildFile; fileRef = C429A5821D8167BA00A430A6 /* data19.json */; };
		C429A5981D8167BA00A430A6 /* data2.json in Resources */ = {isa = PBXBuildFile; fileRef = C429A5831D8167BA00A430A6 /* data2.json */; };
		C429A5991D8167BA00A430A6 /* data20.json in Resources */ = {isa = PBXBuildFile; fileRef = C429A5841D8167BA00A430A6 /* data20.json */; };
		C429A59A1D8167BA00A430A6 /* data3.json in Resources */ = {isa = PBXBuildFile; fileRef = C429A5851D8167BA00A430A6 /* data3.json */; };
		C429A59B1D8167BA00A430A6 /* data4.json in Resources */ = {isa = PBXBuildFile; fileRef = C429A5861D8167BA00A430A6 /* data4.json */; };
		C429A59C1D8167BA00A430A6 /* data5.json in Resources */ = {isa = PBXBuildFile; fileRef = C429A5871D8167BA00A430A6 /* data5.json */; };
		C429A59D1D8167BA00A430A6 /* data6.json in Resources */ = {isa = PBXBuildFile; fileRef = C429A5881D8167BA00A430A6 /* data6.json */; };
		C429A59E1D8167BA00A430A6 /* data7.json in Resources */ = {isa = PBXBuildFile; fileRef = C429A5891D8167BA00A430A6 /* data7.json */; };
		C429A59F1D8167BA00A430A6 /* data8.json in Resources */ = {isa = PBXBuildFile; fileRef = C429A58A1D8167BA00A430A6 /* data8.json */; };
		C429A5A01D8167BA00A430A6 /* data9.json in Resources */ = {isa = PBXBuildFile; fileRef = C429A58B1D8167BA00A430A6 /* data9.json */; };
		C43EDF751E0A863A00893611 /* JRBlurViewController.m in Sources */ = {isa = PBXBuildFile; fileRef = C43EDF741E0A863A00893611 /* JRBlurViewController.m */; };
		C4478C4F1D8FC57A0099EA3C /* JRYYTextViewController.m in Sources */ = {isa = PBXBuildFile; fileRef = C4478C4E1D8FC57A0099EA3C /* JRYYTextViewController.m */; };
		C48275141D9174F40032EE10 /* UIColor+JRExtension.m in Sources */ = {isa = PBXBuildFile; fileRef = C48275131D9174F40032EE10 /* UIColor+JRExtension.m */; };
		C48275571D9187DF0032EE10 /* JRViewController.m in Sources */ = {isa = PBXBuildFile; fileRef = C48275561D9187DF0032EE10 /* JRViewController.m */; };
		C482755A1D91947B0032EE10 /* JRButton.m in Sources */ = {isa = PBXBuildFile; fileRef = C48275591D91947B0032EE10 /* JRButton.m */; };
		C48275641D919EFC0032EE10 /* JRForumDetialController.m in Sources */ = {isa = PBXBuildFile; fileRef = C48275601D919EFC0032EE10 /* JRForumDetialController.m */; };
		C49868851D92C693009223A1 /* JRThreadDetialController.m in Sources */ = {isa = PBXBuildFile; fileRef = C49868801D92C693009223A1 /* JRThreadDetialController.m */; };
		C49868861D92C693009223A1 /* JRThreadHeader.m in Sources */ = {isa = PBXBuildFile; fileRef = C49868841D92C693009223A1 /* JRThreadHeader.m */; };
		C49868891D92D679009223A1 /* JRImageView.m in Sources */ = {isa = PBXBuildFile; fileRef = C49868881D92D679009223A1 /* JRImageView.m */; };
		C498688C1D92D69B009223A1 /* JRUserHeader.m in Sources */ = {isa = PBXBuildFile; fileRef = C498688B1D92D69B009223A1 /* JRUserHeader.m */; };
/* End PBXBuildFile section */

/* Begin PBXFileReference section */
		248AB9E1F2719219C53583A9 /* Pods-AttributeText-Demo.debug.xcconfig */ = {isa = PBXFileReference; includeInIndex = 1; lastKnownFileType = text.xcconfig; name = "Pods-AttributeText-Demo.debug.xcconfig"; path = "Pods/Target Support Files/Pods-AttributeText-Demo/Pods-AttributeText-Demo.debug.xcconfig"; sourceTree = "<group>"; };
		304288C21E08D987004BDE4A /* JRTextViewViewController.h */ = {isa = PBXFileReference; fileEncoding = 4; lastKnownFileType = sourcecode.c.h; path = JRTextViewViewController.h; sourceTree = "<group>"; };
		304288C31E08D987004BDE4A /* JRTextViewViewController.m */ = {isa = PBXFileReference; fileEncoding = 4; lastKnownFileType = sourcecode.c.objc; path = JRTextViewViewController.m; sourceTree = "<group>"; };
		304288C51E08DCA2004BDE4A /* NSAttributedString+JRExtension.h */ = {isa = PBXFileReference; fileEncoding = 4; lastKnownFileType = sourcecode.c.h; path = "NSAttributedString+JRExtension.h"; sourceTree = "<group>"; };
		304288C61E08DCA2004BDE4A /* NSAttributedString+JRExtension.m */ = {isa = PBXFileReference; fileEncoding = 4; lastKnownFileType = sourcecode.c.objc; path = "NSAttributedString+JRExtension.m"; sourceTree = "<group>"; };
		309CCFE01E08FDE000B23A4D /* NSAttributedString.h */ = {isa = PBXFileReference; lastKnownFileType = sourcecode.c.h; path = NSAttributedString.h; sourceTree = "<group>"; };
		519580AAE907D9DADAD16CB2 /* Pods-AttributeText-Demo.release.xcconfig */ = {isa = PBXFileReference; includeInIndex = 1; lastKnownFileType = text.xcconfig; name = "Pods-AttributeText-Demo.release.xcconfig"; path = "Pods/Target Support Files/Pods-AttributeText-Demo/Pods-AttributeText-Demo.release.xcconfig"; sourceTree = "<group>"; };
		75A7D122A4ED564AF4A93467 /* libPods-AttributeText-Demo.a */ = {isa = PBXFileReference; explicitFileType = archive.ar; includeInIndex = 0; path = "libPods-AttributeText-Demo.a"; sourceTree = BUILT_PRODUCTS_DIR; };
		C400712D1D901ED100220BB9 /* TextViewController.h */ = {isa = PBXFileReference; fileEncoding = 4; lastKnownFileType = sourcecode.c.h; path = TextViewController.h; sourceTree = "<group>"; };
		C400712E1D901ED100220BB9 /* TextViewController.m */ = {isa = PBXFileReference; fileEncoding = 4; lastKnownFileType = sourcecode.c.objc; path = TextViewController.m; sourceTree = "<group>"; };
		C40448AD1D82654D0039A815 /* JRBaseViewController.h */ = {isa = PBXFileReference; fileEncoding = 4; lastKnownFileType = sourcecode.c.h; path = JRBaseViewController.h; sourceTree = "<group>"; };
		C40448AE1D82654D0039A815 /* JRBaseViewController.m */ = {isa = PBXFileReference; fileEncoding = 4; lastKnownFileType = sourcecode.c.objc; path = JRBaseViewController.m; sourceTree = "<group>"; };
		C40448B01D82655A0039A815 /* MainViewController.h */ = {isa = PBXFileReference; fileEncoding = 4; lastKnownFileType = sourcecode.c.h; path = MainViewController.h; sourceTree = "<group>"; };
		C40448B11D82655A0039A815 /* MainViewController.m */ = {isa = PBXFileReference; fileEncoding = 4; lastKnownFileType = sourcecode.c.objc; path = MainViewController.m; sourceTree = "<group>"; };
		C40448B31D8287330039A815 /* PrefixHeader.pch */ = {isa = PBXFileReference; lastKnownFileType = sourcecode.c.h; path = PrefixHeader.pch; sourceTree = "<group>"; };
		C40448B41D8287880039A815 /* FrameWorksHeader.h */ = {isa = PBXFileReference; lastKnownFileType = sourcecode.c.h; path = FrameWorksHeader.h; sourceTree = "<group>"; };
		C4064EF61D940EE100B197A7 /* JRThreadModel.h */ = {isa = PBXFileReference; fileEncoding = 4; lastKnownFileType = sourcecode.c.h; path = JRThreadModel.h; sourceTree = "<group>"; };
		C4064EF71D940EE100B197A7 /* JRThreadModel.m */ = {isa = PBXFileReference; fileEncoding = 4; lastKnownFileType = sourcecode.c.objc; path = JRThreadModel.m; sourceTree = "<group>"; };
		C40D94731D7FAE0900E512ED /* AttributeText-Demo.app */ = {isa = PBXFileReference; explicitFileType = wrapper.application; includeInIndex = 0; path = "AttributeText-Demo.app"; sourceTree = BUILT_PRODUCTS_DIR; };
		C40D94771D7FAE0900E512ED /* main.m */ = {isa = PBXFileReference; lastKnownFileType = sourcecode.c.objc; path = main.m; sourceTree = "<group>"; };
		C40D94791D7FAE0900E512ED /* AppDelegate.h */ = {isa = PBXFileReference; lastKnownFileType = sourcecode.c.h; path = AppDelegate.h; sourceTree = "<group>"; };
		C40D947A1D7FAE0900E512ED /* AppDelegate.m */ = {isa = PBXFileReference; lastKnownFileType = sourcecode.c.objc; path = AppDelegate.m; sourceTree = "<group>"; };
		C40D94801D7FAE0900E512ED /* Base */ = {isa = PBXFileReference; lastKnownFileType = file.storyboard; name = Base; path = Base.lproj/Main.storyboard; sourceTree = "<group>"; };
		C40D94821D7FAE0900E512ED /* Assets.xcassets */ = {isa = PBXFileReference; lastKnownFileType = folder.assetcatalog; path = Assets.xcassets; sourceTree = "<group>"; };
		C40D94851D7FAE0900E512ED /* Base */ = {isa = PBXFileReference; lastKnownFileType = file.storyboard; name = Base; path = Base.lproj/LaunchScreen.storyboard; sourceTree = "<group>"; };
		C40D94871D7FAE0900E512ED /* Info.plist */ = {isa = PBXFileReference; lastKnownFileType = text.plist.xml; path = Info.plist; sourceTree = "<group>"; };
		C41D53B11E0D6E1100DEDFF9 /* JRCoreImageController.h */ = {isa = PBXFileReference; fileEncoding = 4; lastKnownFileType = sourcecode.c.h; path = JRCoreImageController.h; sourceTree = "<group>"; };
		C41D53B21E0D6E1100DEDFF9 /* JRCoreImageController.m */ = {isa = PBXFileReference; fileEncoding = 4; lastKnownFileType = sourcecode.c.objc; path = JRCoreImageController.m; sourceTree = "<group>"; };
		C41D53B41E0D768600DEDFF9 /* apple.jpg */ = {isa = PBXFileReference; lastKnownFileType = image.jpeg; path = apple.jpg; sourceTree = "<group>"; };
		C429A5771D8167BA00A430A6 /* data0.json */ = {isa = PBXFileReference; fileEncoding = 4; lastKnownFileType = text.json; path = data0.json; sourceTree = "<group>"; };
		C429A5781D8167BA00A430A6 /* data1.json */ = {isa = PBXFileReference; fileEncoding = 4; lastKnownFileType = text.json; path = data1.json; sourceTree = "<group>"; };
		C429A5791D8167BA00A430A6 /* data10.json */ = {isa = PBXFileReference; fileEncoding = 4; lastKnownFileType = text.json; path = data10.json; sourceTree = "<group>"; };
		C429A57A1D8167BA00A430A6 /* data11.json */ = {isa = PBXFileReference; fileEncoding = 4; lastKnownFileType = text.json; path = data11.json; sourceTree = "<group>"; };
		C429A57B1D8167BA00A430A6 /* data12.json */ = {isa = PBXFileReference; fileEncoding = 4; lastKnownFileType = text.json; path = data12.json; sourceTree = "<group>"; };
		C429A57C1D8167BA00A430A6 /* data13.json */ = {isa = PBXFileReference; fileEncoding = 4; lastKnownFileType = text.json; path = data13.json; sourceTree = "<group>"; };
		C429A57D1D8167BA00A430A6 /* data14.json */ = {isa = PBXFileReference; fileEncoding = 4; lastKnownFileType = text.json; path = data14.json; sourceTree = "<group>"; };
		C429A57E1D8167BA00A430A6 /* data15.json */ = {isa = PBXFileReference; fileEncoding = 4; lastKnownFileType = text.json; path = data15.json; sourceTree = "<group>"; };
		C429A57F1D8167BA00A430A6 /* data16.json */ = {isa = PBXFileReference; fileEncoding = 4; lastKnownFileType = text.json; path = data16.json; sourceTree = "<group>"; };
		C429A5801D8167BA00A430A6 /* data17.json */ = {isa = PBXFileReference; fileEncoding = 4; lastKnownFileType = text.json; path = data17.json; sourceTree = "<group>"; };
		C429A5811D8167BA00A430A6 /* data18.json */ = {isa = PBXFileReference; fileEncoding = 4; lastKnownFileType = text.json; path = data18.json; sourceTree = "<group>"; };
		C429A5821D8167BA00A430A6 /* data19.json */ = {isa = PBXFileReference; fileEncoding = 4; lastKnownFileType = text.json; path = data19.json; sourceTree = "<group>"; };
		C429A5831D8167BA00A430A6 /* data2.json */ = {isa = PBXFileReference; fileEncoding = 4; lastKnownFileType = text.json; path = data2.json; sourceTree = "<group>"; };
		C429A5841D8167BA00A430A6 /* data20.json */ = {isa = PBXFileReference; fileEncoding = 4; lastKnownFileType = text.json; path = data20.json; sourceTree = "<group>"; };
		C429A5851D8167BA00A430A6 /* data3.json */ = {isa = PBXFileReference; fileEncoding = 4; lastKnownFileType = text.json; path = data3.json; sourceTree = "<group>"; };
		C429A5861D8167BA00A430A6 /* data4.json */ = {isa = PBXFileReference; fileEncoding = 4; lastKnownFileType = text.json; path = data4.json; sourceTree = "<group>"; };
		C429A5871D8167BA00A430A6 /* data5.json */ = {isa = PBXFileReference; fileEncoding = 4; lastKnownFileType = text.json; path = data5.json; sourceTree = "<group>"; };
		C429A5881D8167BA00A430A6 /* data6.json */ = {isa = PBXFileReference; fileEncoding = 4; lastKnownFileType = text.json; path = data6.json; sourceTree = "<group>"; };
		C429A5891D8167BA00A430A6 /* data7.json */ = {isa = PBXFileReference; fileEncoding = 4; lastKnownFileType = text.json; path = data7.json; sourceTree = "<group>"; };
		C429A58A1D8167BA00A430A6 /* data8.json */ = {isa = PBXFileReference; fileEncoding = 4; lastKnownFileType = text.json; path = data8.json; sourceTree = "<group>"; };
		C429A58B1D8167BA00A430A6 /* data9.json */ = {isa = PBXFileReference; fileEncoding = 4; lastKnownFileType = text.json; path = data9.json; sourceTree = "<group>"; };
		C43EDF731E0A863A00893611 /* JRBlurViewController.h */ = {isa = PBXFileReference; fileEncoding = 4; lastKnownFileType = sourcecode.c.h; path = JRBlurViewController.h; sourceTree = "<group>"; };
		C43EDF741E0A863A00893611 /* JRBlurViewController.m */ = {isa = PBXFileReference; fileEncoding = 4; lastKnownFileType = sourcecode.c.objc; path = JRBlurViewController.m; sourceTree = "<group>"; };
		C4478C4D1D8FC57A0099EA3C /* JRYYTextViewController.h */ = {isa = PBXFileReference; fileEncoding = 4; lastKnownFileType = sourcecode.c.h; path = JRYYTextViewController.h; sourceTree = "<group>"; };
		C4478C4E1D8FC57A0099EA3C /* JRYYTextViewController.m */ = {isa = PBXFileReference; fileEncoding = 4; lastKnownFileType = sourcecode.c.objc; path = JRYYTextViewController.m; sourceTree = "<group>"; };
		C48275121D9174F40032EE10 /* UIColor+JRExtension.h */ = {isa = PBXFileReference; fileEncoding = 4; lastKnownFileType = sourcecode.c.h; path = "UIColor+JRExtension.h"; sourceTree = "<group>"; };
		C48275131D9174F40032EE10 /* UIColor+JRExtension.m */ = {isa = PBXFileReference; fileEncoding = 4; lastKnownFileType = sourcecode.c.objc; path = "UIColor+JRExtension.m"; sourceTree = "<group>"; };
		C48275551D9187DF0032EE10 /* JRViewController.h */ = {isa = PBXFileReference; fileEncoding = 4; lastKnownFileType = sourcecode.c.h; path = JRViewController.h; sourceTree = "<group>"; };
		C48275561D9187DF0032EE10 /* JRViewController.m */ = {isa = PBXFileReference; fileEncoding = 4; lastKnownFileType = sourcecode.c.objc; path = JRViewController.m; sourceTree = "<group>"; };
		C48275581D91947B0032EE10 /* JRButton.h */ = {isa = PBXFileReference; fileEncoding = 4; lastKnownFileType = sourcecode.c.h; path = JRButton.h; sourceTree = "<group>"; };
		C48275591D91947B0032EE10 /* JRButton.m */ = {isa = PBXFileReference; fileEncoding = 4; lastKnownFileType = sourcecode.c.objc; path = JRButton.m; sourceTree = "<group>"; };
		C482755F1D919EFC0032EE10 /* JRForumDetialController.h */ = {isa = PBXFileReference; fileEncoding = 4; lastKnownFileType = sourcecode.c.h; path = JRForumDetialController.h; sourceTree = "<group>"; };
		C48275601D919EFC0032EE10 /* JRForumDetialController.m */ = {isa = PBXFileReference; fileEncoding = 4; lastKnownFileType = sourcecode.c.objc; path = JRForumDetialController.m; sourceTree = "<group>"; };
		C498687F1D92C693009223A1 /* JRThreadDetialController.h */ = {isa = PBXFileReference; fileEncoding = 4; lastKnownFileType = sourcecode.c.h; path = JRThreadDetialController.h; sourceTree = "<group>"; };
		C49868801D92C693009223A1 /* JRThreadDetialController.m */ = {isa = PBXFileReference; fileEncoding = 4; lastKnownFileType = sourcecode.c.objc; path = JRThreadDetialController.m; sourceTree = "<group>"; };
		C49868831D92C693009223A1 /* JRThreadHeader.h */ = {isa = PBXFileReference; fileEncoding = 4; lastKnownFileType = sourcecode.c.h; path = JRThreadHeader.h; sourceTree = "<group>"; };
		C49868841D92C693009223A1 /* JRThreadHeader.m */ = {isa = PBXFileReference; fileEncoding = 4; lastKnownFileType = sourcecode.c.objc; path = JRThreadHeader.m; sourceTree = "<group>"; };
		C49868871D92D679009223A1 /* JRImageView.h */ = {isa = PBXFileReference; fileEncoding = 4; lastKnownFileType = sourcecode.c.h; path = JRImageView.h; sourceTree = "<group>"; };
		C49868881D92D679009223A1 /* JRImageView.m */ = {isa = PBXFileReference; fileEncoding = 4; lastKnownFileType = sourcecode.c.objc; path = JRImageView.m; sourceTree = "<group>"; };
		C498688A1D92D69B009223A1 /* JRUserHeader.h */ = {isa = PBXFileReference; fileEncoding = 4; lastKnownFileType = sourcecode.c.h; path = JRUserHeader.h; sourceTree = "<group>"; };
		C498688B1D92D69B009223A1 /* JRUserHeader.m */ = {isa = PBXFileReference; fileEncoding = 4; lastKnownFileType = sourcecode.c.objc; path = JRUserHeader.m; sourceTree = "<group>"; };
/* End PBXFileReference section */

/* Begin PBXFrameworksBuildPhase section */
		C40D94701D7FAE0900E512ED /* Frameworks */ = {
			isa = PBXFrameworksBuildPhase;
			buildActionMask = 2147483647;
			files = (
				A38A5692A08EBBB8274388A8 /* libPods-AttributeText-Demo.a in Frameworks */,
			);
			runOnlyForDeploymentPostprocessing = 0;
		};
/* End PBXFrameworksBuildPhase section */

/* Begin PBXGroup section */
		7D5D91122C51F49A0CFF4206 /* Frameworks */ = {
			isa = PBXGroup;
			children = (
				75A7D122A4ED564AF4A93467 /* libPods-AttributeText-Demo.a */,
			);
			name = Frameworks;
			sourceTree = "<group>";
		};
		C40448AA1D82653A0039A815 /* Classes */ = {
			isa = PBXGroup;
			children = (
				C482750D1D91748D0032EE10 /* JRTools */,
				C48275081D9172EF0032EE10 /* JRDemoClasses */,
				C40448AB1D82653A0039A815 /* JRBaseClasses */,
				C40448AC1D82653A0039A815 /* JRMainViewControllers */,
				C4478C4C1D8FC5410099EA3C /* YYTextController */,
				C43EDF721E0A862C00893611 /* JRBlurViewController */,
				C41D53B01E0D6DF600DEDFF9 /* JRCoreImageController */,
			);
			path = Classes;
			sourceTree = "<group>";
		};
		C40448AB1D82653A0039A815 /* JRBaseClasses */ = {
			isa = PBXGroup;
			children = (
				C40448AD1D82654D0039A815 /* JRBaseViewController.h */,
				C40448AE1D82654D0039A815 /* JRBaseViewController.m */,
			);
			path = JRBaseClasses;
			sourceTree = "<group>";
		};
		C40448AC1D82653A0039A815 /* JRMainViewControllers */ = {
			isa = PBXGroup;
			children = (
				C40448B01D82655A0039A815 /* MainViewController.h */,
				C40448B11D82655A0039A815 /* MainViewController.m */,
			);
			path = JRMainViewControllers;
			sourceTree = "<group>";
		};
		C40D946A1D7FAE0900E512ED = {
			isa = PBXGroup;
			children = (
				C40D94751D7FAE0900E512ED /* AttributeText-Demo */,
				C40D94741D7FAE0900E512ED /* Products */,
				C77933A76F10159743FE1244 /* Pods */,
				7D5D91122C51F49A0CFF4206 /* Frameworks */,
			);
			sourceTree = "<group>";
		};
		C40D94741D7FAE0900E512ED /* Products */ = {
			isa = PBXGroup;
			children = (
				C40D94731D7FAE0900E512ED /* AttributeText-Demo.app */,
			);
			name = Products;
			sourceTree = "<group>";
		};
		C40D94751D7FAE0900E512ED /* AttributeText-Demo */ = {
			isa = PBXGroup;
			children = (
				C40D94791D7FAE0900E512ED /* AppDelegate.h */,
				C40D947A1D7FAE0900E512ED /* AppDelegate.m */,
				C40448AA1D82653A0039A815 /* Classes */,
				C429A5761D8167BA00A430A6 /* data */,
				C40D94761D7FAE0900E512ED /* Supporting Files */,
			);
			path = "AttributeText-Demo";
			sourceTree = "<group>";
		};
		C40D94761D7FAE0900E512ED /* Supporting Files */ = {
			isa = PBXGroup;
			children = (
				C40448B31D8287330039A815 /* PrefixHeader.pch */,
				C40448B41D8287880039A815 /* FrameWorksHeader.h */,
				C40D947F1D7FAE0900E512ED /* Main.storyboard */,
				C40D94821D7FAE0900E512ED /* Assets.xcassets */,
				C40D94841D7FAE0900E512ED /* LaunchScreen.storyboard */,
				C40D94871D7FAE0900E512ED /* Info.plist */,
				C40D94771D7FAE0900E512ED /* main.m */,
			);
			name = "Supporting Files";
			sourceTree = "<group>";
		};
		C41D53B01E0D6DF600DEDFF9 /* JRCoreImageController */ = {
			isa = PBXGroup;
			children = (
				C41D53B41E0D768600DEDFF9 /* apple.jpg */,
				C41D53B11E0D6E1100DEDFF9 /* JRCoreImageController.h */,
				C41D53B21E0D6E1100DEDFF9 /* JRCoreImageController.m */,
			);
			path = JRCoreImageController;
			sourceTree = "<group>";
		};
		C429A5761D8167BA00A430A6 /* data */ = {
			isa = PBXGroup;
			children = (
				C429A5771D8167BA00A430A6 /* data0.json */,
				C429A5781D8167BA00A430A6 /* data1.json */,
				C429A5791D8167BA00A430A6 /* data10.json */,
				C429A57A1D8167BA00A430A6 /* data11.json */,
				C429A57B1D8167BA00A430A6 /* data12.json */,
				C429A57C1D8167BA00A430A6 /* data13.json */,
				C429A57D1D8167BA00A430A6 /* data14.json */,
				C429A57E1D8167BA00A430A6 /* data15.json */,
				C429A57F1D8167BA00A430A6 /* data16.json */,
				C429A5801D8167BA00A430A6 /* data17.json */,
				C429A5811D8167BA00A430A6 /* data18.json */,
				C429A5821D8167BA00A430A6 /* data19.json */,
				C429A5831D8167BA00A430A6 /* data2.json */,
				C429A5841D8167BA00A430A6 /* data20.json */,
				C429A5851D8167BA00A430A6 /* data3.json */,
				C429A5861D8167BA00A430A6 /* data4.json */,
				C429A5871D8167BA00A430A6 /* data5.json */,
				C429A5881D8167BA00A430A6 /* data6.json */,
				C429A5891D8167BA00A430A6 /* data7.json */,
				C429A58A1D8167BA00A430A6 /* data8.json */,
				C429A58B1D8167BA00A430A6 /* data9.json */,
			);
			path = data;
			sourceTree = "<group>";
		};
		C43EDF721E0A862C00893611 /* JRBlurViewController */ = {
			isa = PBXGroup;
			children = (
				C43EDF731E0A863A00893611 /* JRBlurViewController.h */,
				C43EDF741E0A863A00893611 /* JRBlurViewController.m */,
			);
			path = JRBlurViewController;
			sourceTree = "<group>";
		};
		C4478C4C1D8FC5410099EA3C /* YYTextController */ = {
			isa = PBXGroup;
			children = (
				C4478C4D1D8FC57A0099EA3C /* JRYYTextViewController.h */,
				C4478C4E1D8FC57A0099EA3C /* JRYYTextViewController.m */,
				C400712D1D901ED100220BB9 /* TextViewController.h */,
				C400712E1D901ED100220BB9 /* TextViewController.m */,
				304288C21E08D987004BDE4A /* JRTextViewViewController.h */,
				304288C31E08D987004BDE4A /* JRTextViewViewController.m */,
				309CCFE01E08FDE000B23A4D /* NSAttributedString.h */,
			);
			path = YYTextController;
			sourceTree = "<group>";
		};
		C48275081D9172EF0032EE10 /* JRDemoClasses */ = {
			isa = PBXGroup;
			children = (
				C48275541D9187CE0032EE10 /* ZHBaseView */,
				C482755E1D919EFC0032EE10 /* ZHForumContoller */,
				C48275611D919EFC0032EE10 /* ZHThreadController */,
			);
			path = JRDemoClasses;
			sourceTree = "<group>";
		};
		C482750D1D91748D0032EE10 /* JRTools */ = {
			isa = PBXGroup;
			children = (
				C48275111D9174F40032EE10 /* JRExtension */,
			);
			path = JRTools;
			sourceTree = "<group>";
		};
		C48275111D9174F40032EE10 /* JRExtension */ = {
			isa = PBXGroup;
			children = (
				C48275121D9174F40032EE10 /* UIColor+JRExtension.h */,
				C48275131D9174F40032EE10 /* UIColor+JRExtension.m */,
				304288C51E08DCA2004BDE4A /* NSAttributedString+JRExtension.h */,
				304288C61E08DCA2004BDE4A /* NSAttributedString+JRExtension.m */,
			);
			path = JRExtension;
			sourceTree = "<group>";
		};
		C48275541D9187CE0032EE10 /* ZHBaseView */ = {
			isa = PBXGroup;
			children = (
				C48275551D9187DF0032EE10 /* JRViewController.h */,
				C48275561D9187DF0032EE10 /* JRViewController.m */,
				C48275581D91947B0032EE10 /* JRButton.h */,
				C48275591D91947B0032EE10 /* JRButton.m */,
				C49868871D92D679009223A1 /* JRImageView.h */,
				C49868881D92D679009223A1 /* JRImageView.m */,
			);
			path = ZHBaseView;
			sourceTree = "<group>";
		};
		C482755E1D919EFC0032EE10 /* ZHForumContoller */ = {
			isa = PBXGroup;
			children = (
				C482755F1D919EFC0032EE10 /* JRForumDetialController.h */,
				C48275601D919EFC0032EE10 /* JRForumDetialController.m */,
			);
			path = ZHForumContoller;
			sourceTree = "<group>";
		};
		C48275611D919EFC0032EE10 /* ZHThreadController */ = {
			isa = PBXGroup;
			children = (
				C498687E1D92C693009223A1 /* Controllers */,
				C49868811D92C693009223A1 /* Models */,
				C49868821D92C693009223A1 /* Views */,
			);
			path = ZHThreadController;
			sourceTree = "<group>";
		};
		C498687E1D92C693009223A1 /* Controllers */ = {
			isa = PBXGroup;
			children = (
				C498687F1D92C693009223A1 /* JRThreadDetialController.h */,
				C49868801D92C693009223A1 /* JRThreadDetialController.m */,
			);
			path = Controllers;
			sourceTree = "<group>";
		};
		C49868811D92C693009223A1 /* Models */ = {
			isa = PBXGroup;
			children = (
				C4064EF61D940EE100B197A7 /* JRThreadModel.h */,
				C4064EF71D940EE100B197A7 /* JRThreadModel.m */,
			);
			path = Models;
			sourceTree = "<group>";
		};
		C49868821D92C693009223A1 /* Views */ = {
			isa = PBXGroup;
			children = (
				C49868831D92C693009223A1 /* JRThreadHeader.h */,
				C49868841D92C693009223A1 /* JRThreadHeader.m */,
				C498688A1D92D69B009223A1 /* JRUserHeader.h */,
				C498688B1D92D69B009223A1 /* JRUserHeader.m */,
			);
			path = Views;
			sourceTree = "<group>";
		};
		C77933A76F10159743FE1244 /* Pods */ = {
			isa = PBXGroup;
			children = (
				248AB9E1F2719219C53583A9 /* Pods-AttributeText-Demo.debug.xcconfig */,
				519580AAE907D9DADAD16CB2 /* Pods-AttributeText-Demo.release.xcconfig */,
			);
			name = Pods;
			sourceTree = "<group>";
		};
/* End PBXGroup section */

/* Begin PBXNativeTarget section */
		C40D94721D7FAE0900E512ED /* AttributeText-Demo */ = {
			isa = PBXNativeTarget;
			buildConfigurationList = C40D948A1D7FAE0900E512ED /* Build configuration list for PBXNativeTarget "AttributeText-Demo" */;
			buildPhases = (
				7B58C454F4E3D21771DCA1EE /* [CP] Check Pods Manifest.lock */,
				C40D946F1D7FAE0900E512ED /* Sources */,
				C40D94701D7FAE0900E512ED /* Frameworks */,
				C40D94711D7FAE0900E512ED /* Resources */,
				2B297B9392B3BFF2AD4292BD /* [CP] Embed Pods Frameworks */,
				F89EB43C96A285A938FEA463 /* [CP] Copy Pods Resources */,
			);
			buildRules = (
			);
			dependencies = (
			);
			name = "AttributeText-Demo";
			productName = "AttributeText-Demo";
			productReference = C40D94731D7FAE0900E512ED /* AttributeText-Demo.app */;
			productType = "com.apple.product-type.application";
		};
/* End PBXNativeTarget section */

/* Begin PBXProject section */
		C40D946B1D7FAE0900E512ED /* Project object */ = {
			isa = PBXProject;
			attributes = {
				CLASSPREFIX = JR;
				LastUpgradeCheck = 0730;
				ORGANIZATIONNAME = "王潇";
				TargetAttributes = {
					C40D94721D7FAE0900E512ED = {
						CreatedOnToolsVersion = 7.3.1;
						DevelopmentTeam = B5SJ8JYP65;
					};
				};
			};
			buildConfigurationList = C40D946E1D7FAE0900E512ED /* Build configuration list for PBXProject "AttributeText-Demo" */;
			compatibilityVersion = "Xcode 3.2";
			developmentRegion = English;
			hasScannedForEncodings = 0;
			knownRegions = (
				en,
				Base,
			);
			mainGroup = C40D946A1D7FAE0900E512ED;
			productRefGroup = C40D94741D7FAE0900E512ED /* Products */;
			projectDirPath = "";
			projectRoot = "";
			targets = (
				C40D94721D7FAE0900E512ED /* AttributeText-Demo */,
			);
		};
/* End PBXProject section */

/* Begin PBXResourcesBuildPhase section */
		C40D94711D7FAE0900E512ED /* Resources */ = {
			isa = PBXResourcesBuildPhase;
			buildActionMask = 2147483647;
			files = (
				C429A5901D8167BA00A430A6 /* data12.json in Resources */,
				C429A5991D8167BA00A430A6 /* data20.json in Resources */,
				C429A58C1D8167BA00A430A6 /* data0.json in Resources */,
				C429A5931D8167BA00A430A6 /* data15.json in Resources */,
				C41D53B51E0D768600DEDFF9 /* apple.jpg in Resources */,
				C429A5921D8167BA00A430A6 /* data14.json in Resources */,
				C429A5941D8167BA00A430A6 /* data16.json in Resources */,
				C40D94861D7FAE0900E512ED /* LaunchScreen.storyboard in Resources */,
				C429A59A1D8167BA00A430A6 /* data3.json in Resources */,
				C429A5961D8167BA00A430A6 /* data18.json in Resources */,
				C429A5971D8167BA00A430A6 /* data19.json in Resources */,
				C429A59F1D8167BA00A430A6 /* data8.json in Resources */,
				C40D94831D7FAE0900E512ED /* Assets.xcassets in Resources */,
				C429A58D1D8167BA00A430A6 /* data1.json in Resources */,
				C429A5A01D8167BA00A430A6 /* data9.json in Resources */,
				C429A58E1D8167BA00A430A6 /* data10.json in Resources */,
				C429A59C1D8167BA00A430A6 /* data5.json in Resources */,
				C40D94811D7FAE0900E512ED /* Main.storyboard in Resources */,
				C429A5911D8167BA00A430A6 /* data13.json in Resources */,
				C429A59D1D8167BA00A430A6 /* data6.json in Resources */,
				C429A59E1D8167BA00A430A6 /* data7.json in Resources */,
				C429A5951D8167BA00A430A6 /* data17.json in Resources */,
				C429A5981D8167BA00A430A6 /* data2.json in Resources */,
				C429A59B1D8167BA00A430A6 /* data4.json in Resources */,
				C429A58F1D8167BA00A430A6 /* data11.json in Resources */,
			);
			runOnlyForDeploymentPostprocessing = 0;
		};
/* End PBXResourcesBuildPhase section */

/* Begin PBXShellScriptBuildPhase section */
		2B297B9392B3BFF2AD4292BD /* [CP] Embed Pods Frameworks */ = {
			isa = PBXShellScriptBuildPhase;
			buildActionMask = 2147483647;
			files = (
			);
			inputPaths = (
			);
			name = "[CP] Embed Pods Frameworks";
			outputPaths = (
			);
			runOnlyForDeploymentPostprocessing = 0;
			shellPath = /bin/sh;
			shellScript = "\"${SRCROOT}/Pods/Target Support Files/Pods-AttributeText-Demo/Pods-AttributeText-Demo-frameworks.sh\"\n";
			showEnvVarsInLog = 0;
		};
		7B58C454F4E3D21771DCA1EE /* [CP] Check Pods Manifest.lock */ = {
			isa = PBXShellScriptBuildPhase;
			buildActionMask = 2147483647;
			files = (
			);
			inputPaths = (
			);
			name = "[CP] Check Pods Manifest.lock";
			outputPaths = (
			);
			runOnlyForDeploymentPostprocessing = 0;
			shellPath = /bin/sh;
			shellScript = "diff \"${PODS_ROOT}/../Podfile.lock\" \"${PODS_ROOT}/Manifest.lock\" > /dev/null\nif [[ $? != 0 ]] ; then\n    cat << EOM\nerror: The sandbox is not in sync with the Podfile.lock. Run 'pod install' or update your CocoaPods installation.\nEOM\n    exit 1\nfi\n";
			showEnvVarsInLog = 0;
		};
		F89EB43C96A285A938FEA463 /* [CP] Copy Pods Resources */ = {
			isa = PBXShellScriptBuildPhase;
			buildActionMask = 2147483647;
			files = (
			);
			inputPaths = (
			);
			name = "[CP] Copy Pods Resources";
			outputPaths = (
			);
			runOnlyForDeploymentPostprocessing = 0;
			shellPath = /bin/sh;
			shellScript = "\"${SRCROOT}/Pods/Target Support Files/Pods-AttributeText-Demo/Pods-AttributeText-Demo-resources.sh\"\n";
			showEnvVarsInLog = 0;
		};
/* End PBXShellScriptBuildPhase section */

/* Begin PBXSourcesBuildPhase section */
		C40D946F1D7FAE0900E512ED /* Sources */ = {
			isa = PBXSourcesBuildPhase;
			buildActionMask = 2147483647;
			files = (
				304288C41E08D987004BDE4A /* JRTextViewViewController.m in Sources */,
				C49868851D92C693009223A1 /* JRThreadDetialController.m in Sources */,
				C4478C4F1D8FC57A0099EA3C /* JRYYTextViewController.m in Sources */,
				C41D53B31E0D6E1100DEDFF9 /* JRCoreImageController.m in Sources */,
				C48275141D9174F40032EE10 /* UIColor+JRExtension.m in Sources */,
				C48275641D919EFC0032EE10 /* JRForumDetialController.m in Sources */,
				C49868861D92C693009223A1 /* JRThreadHeader.m in Sources */,
				C40448AF1D82654D0039A815 /* JRBaseViewController.m in Sources */,
				C43EDF751E0A863A00893611 /* JRBlurViewController.m in Sources */,
				C482755A1D91947B0032EE10 /* JRButton.m in Sources */,
				C4064EF81D940EE100B197A7 /* JRThreadModel.m in Sources */,
				304288C71E08DCA2004BDE4A /* NSAttributedString+JRExtension.m in Sources */,
				C48275571D9187DF0032EE10 /* JRViewController.m in Sources */,
				C40D947B1D7FAE0900E512ED /* AppDelegate.m in Sources */,
				C49868891D92D679009223A1 /* JRImageView.m in Sources */,
				C400712F1D901ED100220BB9 /* TextViewController.m in Sources */,
				C498688C1D92D69B009223A1 /* JRUserHeader.m in Sources */,
				C40D94781D7FAE0900E512ED /* main.m in Sources */,
				C40448B21D82655A0039A815 /* MainViewController.m in Sources */,
			);
			runOnlyForDeploymentPostprocessing = 0;
		};
/* End PBXSourcesBuildPhase section */

/* Begin PBXVariantGroup section */
		C40D947F1D7FAE0900E512ED /* Main.storyboard */ = {
			isa = PBXVariantGroup;
			children = (
				C40D94801D7FAE0900E512ED /* Base */,
			);
			name = Main.storyboard;
			sourceTree = "<group>";
		};
		C40D94841D7FAE0900E512ED /* LaunchScreen.storyboard */ = {
			isa = PBXVariantGroup;
			children = (
				C40D94851D7FAE0900E512ED /* Base */,
			);
			name = LaunchScreen.storyboard;
			sourceTree = "<group>";
		};
/* End PBXVariantGroup section */

/* Begin XCBuildConfiguration section */
		C40D94881D7FAE0900E512ED /* Debug */ = {
			isa = XCBuildConfiguration;
			buildSettings = {
				ALWAYS_SEARCH_USER_PATHS = NO;
				CLANG_ANALYZER_NONNULL = YES;
				CLANG_CXX_LANGUAGE_STANDARD = "gnu++0x";
				CLANG_CXX_LIBRARY = "libc++";
				CLANG_ENABLE_MODULES = YES;
				CLANG_ENABLE_OBJC_ARC = YES;
				CLANG_WARN_BOOL_CONVERSION = YES;
				CLANG_WARN_CONSTANT_CONVERSION = YES;
				CLANG_WARN_DIRECT_OBJC_ISA_USAGE = YES_ERROR;
				CLANG_WARN_EMPTY_BODY = YES;
				CLANG_WARN_ENUM_CONVERSION = YES;
				CLANG_WARN_INT_CONVERSION = YES;
				CLANG_WARN_OBJC_ROOT_CLASS = YES_ERROR;
				CLANG_WARN_UNREACHABLE_CODE = YES;
				CLANG_WARN__DUPLICATE_METHOD_MATCH = YES;
				"CODE_SIGN_IDENTITY[sdk=iphoneos*]" = "iPhone Developer";
				COPY_PHASE_STRIP = NO;
				DEBUG_INFORMATION_FORMAT = dwarf;
				ENABLE_STRICT_OBJC_MSGSEND = YES;
				ENABLE_TESTABILITY = YES;
				GCC_C_LANGUAGE_STANDARD = gnu99;
				GCC_DYNAMIC_NO_PIC = NO;
				GCC_NO_COMMON_BLOCKS = YES;
				GCC_OPTIMIZATION_LEVEL = 0;
				GCC_PREPROCESSOR_DEFINITIONS = (
					"DEBUG=1",
					"$(inherited)",
				);
				GCC_WARN_64_TO_32_BIT_CONVERSION = YES;
				GCC_WARN_ABOUT_RETURN_TYPE = YES_ERROR;
				GCC_WARN_UNDECLARED_SELECTOR = YES;
				GCC_WARN_UNINITIALIZED_AUTOS = YES_AGGRESSIVE;
				GCC_WARN_UNUSED_FUNCTION = YES;
				GCC_WARN_UNUSED_VARIABLE = YES;
				IPHONEOS_DEPLOYMENT_TARGET = 9.3;
				MTL_ENABLE_DEBUG_INFO = YES;
				ONLY_ACTIVE_ARCH = YES;
				SDKROOT = iphoneos;
				TARGETED_DEVICE_FAMILY = "1,2";
			};
			name = Debug;
		};
		C40D94891D7FAE0900E512ED /* Release */ = {
			isa = XCBuildConfiguration;
			buildSettings = {
				ALWAYS_SEARCH_USER_PATHS = NO;
				CLANG_ANALYZER_NONNULL = YES;
				CLANG_CXX_LANGUAGE_STANDARD = "gnu++0x";
				CLANG_CXX_LIBRARY = "libc++";
				CLANG_ENABLE_MODULES = YES;
				CLANG_ENABLE_OBJC_ARC = YES;
				CLANG_WARN_BOOL_CONVERSION = YES;
				CLANG_WARN_CONSTANT_CONVERSION = YES;
				CLANG_WARN_DIRECT_OBJC_ISA_USAGE = YES_ERROR;
				CLANG_WARN_EMPTY_BODY = YES;
				CLANG_WARN_ENUM_CONVERSION = YES;
				CLANG_WARN_INT_CONVERSION = YES;
				CLANG_WARN_OBJC_ROOT_CLASS = YES_ERROR;
				CLANG_WARN_UNREACHABLE_CODE = YES;
				CLANG_WARN__DUPLICATE_METHOD_MATCH = YES;
				"CODE_SIGN_IDENTITY[sdk=iphoneos*]" = "iPhone Developer";
				COPY_PHASE_STRIP = NO;
				DEBUG_INFORMATION_FORMAT = "dwarf-with-dsym";
				ENABLE_NS_ASSERTIONS = NO;
				ENABLE_STRICT_OBJC_MSGSEND = YES;
				GCC_C_LANGUAGE_STANDARD = gnu99;
				GCC_NO_COMMON_BLOCKS = YES;
				GCC_WARN_64_TO_32_BIT_CONVERSION = YES;
				GCC_WARN_ABOUT_RETURN_TYPE = YES_ERROR;
				GCC_WARN_UNDECLARED_SELECTOR = YES;
				GCC_WARN_UNINITIALIZED_AUTOS = YES_AGGRESSIVE;
				GCC_WARN_UNUSED_FUNCTION = YES;
				GCC_WARN_UNUSED_VARIABLE = YES;
				IPHONEOS_DEPLOYMENT_TARGET = 9.3;
				MTL_ENABLE_DEBUG_INFO = NO;
				SDKROOT = iphoneos;
				TARGETED_DEVICE_FAMILY = "1,2";
				VALIDATE_PRODUCT = YES;
			};
			name = Release;
		};
		C40D948B1D7FAE0900E512ED /* Debug */ = {
			isa = XCBuildConfiguration;
			baseConfigurationReference = 248AB9E1F2719219C53583A9 /* Pods-AttributeText-Demo.debug.xcconfig */;
			buildSettings = {
				ASSETCATALOG_COMPILER_APPICON_NAME = AppIcon;
				DEVELOPMENT_TEAM = B5SJ8JYP65;
				GCC_PREFIX_HEADER = "AttributeText-Demo/PrefixHeader.pch";
				INFOPLIST_FILE = "AttributeText-Demo/Info.plist";
				IPHONEOS_DEPLOYMENT_TARGET = 8.0;
				LD_RUNPATH_SEARCH_PATHS = "$(inherited) @executable_path/Frameworks";
				PRODUCT_BUNDLE_IDENTIFIER = "jerry.AttributeText-Demo";
				PRODUCT_NAME = "$(TARGET_NAME)";
			};
			name = Debug;
		};
		C40D948C1D7FAE0900E512ED /* Release */ = {
			isa = XCBuildConfiguration;
			baseConfigurationReference = 519580AAE907D9DADAD16CB2 /* Pods-AttributeText-Demo.release.xcconfig */;
			buildSettings = {
				ASSETCATALOG_COMPILER_APPICON_NAME = AppIcon;
				DEVELOPMENT_TEAM = B5SJ8JYP65;
				GCC_PREFIX_HEADER = "AttributeText-Demo/PrefixHeader.pch";
				INFOPLIST_FILE = "AttributeText-Demo/Info.plist";
				IPHONEOS_DEPLOYMENT_TARGET = 8.0;
				LD_RUNPATH_SEARCH_PATHS = "$(inherited) @executable_path/Frameworks";
				PRODUCT_BUNDLE_IDENTIFIER = "jerry.AttributeText-Demo";
				PRODUCT_NAME = "$(TARGET_NAME)";
			};
			name = Release;
		};
/* End XCBuildConfiguration section */

/* Begin XCConfigurationList section */
		C40D946E1D7FAE0900E512ED /* Build configuration list for PBXProject "AttributeText-Demo" */ = {
			isa = XCConfigurationList;
			buildConfigurations = (
				C40D94881D7FAE0900E512ED /* Debug */,
				C40D94891D7FAE0900E512ED /* Release */,
			);
			defaultConfigurationIsVisible = 0;
			defaultConfigurationName = Release;
		};
		C40D948A1D7FAE0900E512ED /* Build configuration list for PBXNativeTarget "AttributeText-Demo" */ = {
			isa = XCConfigurationList;
			buildConfigurations = (
				C40D948B1D7FAE0900E512ED /* Debug */,
				C40D948C1D7FAE0900E512ED /* Release */,
			);
			defaultConfigurationIsVisible = 0;
			defaultConfigurationName = Release;
		};
/* End XCConfigurationList section */
	};
	rootObject = C40D946B1D7FAE0900E512ED /* Project object */;
}
